
Microsoft Visual Studio Solution File, Format Version 12.00
# Visual Studio Version 17
VisualStudioVersion = 17.0.31903.59
MinimumVisualStudioVersion = 10.0.40219.1
Project("{2150E333-8FDC-42A3-9474-1A3956D46DE8}") = "src", "src", "{559E1E3D-E394-4C3A-8159-5F561F35E5D4}"
EndProject
Project("{2150E333-8FDC-42A3-9474-1A3956D46DE8}") = "BuildingBlocks", "BuildingBlocks", "{F5674D7B-6D3B-440F-8C4A-C7449833FC9A}"
EndProject
Project("{FAE04EC0-301F-11D3-BF4B-00C04F79EFBC}") = "Hosting", "src\BuildingBlocks\Hosting\Hosting.csproj", "{7C75C1AF-E502-42D9-BE22-AD7A74A9E3FA}"
EndProject
Project("{FAE04EC0-301F-11D3-BF4B-00C04F79EFBC}") = "Logging", "src\BuildingBlocks\Logging\Logging.csproj", "{A0256337-60E1-4946-8BA7-38006050466E}"
EndProject
Project("{FAE04EC0-301F-11D3-BF4B-00C04F79EFBC}") = "Messaging", "src\BuildingBlocks\Messaging\Messaging.csproj", "{EB96ED44-E273-4737-AA38-36C7938552D8}"
EndProject
Project("{FAE04EC0-301F-11D3-BF4B-00C04F79EFBC}") = "Telemetry", "src\BuildingBlocks\Telemetry\Telemetry.csproj", "{ADB79F6A-A095-4B78-9267-129856FB3F1A}"
EndProject
Project("{2150E333-8FDC-42A3-9474-1A3956D46DE8}") = "Modules", "Modules", "{5D801A03-E7FB-43C4-8143-D58BCF3C9511}"
EndProject
Project("{FAE04EC0-301F-11D3-BF4B-00C04F79EFBC}") = "Basket", "src\Modules\Basket\Basket.csproj", "{1526D780-E5D9-4FB4-B861-B2DFEE8FD231}"
EndProject
Project("{2150E333-8FDC-42A3-9474-1A3956D46DE8}") = "tests", "tests", "{637AF5A7-3317-41D1-8EC9-DA90BE9B2651}"
EndProject
Project("{2150E333-8FDC-42A3-9474-1A3956D46DE8}") = "Modules", "Modules", "{7BB3F667-334B-43DC-97D8-D07538E269BD}"
EndProject
Project("{FAE04EC0-301F-11D3-BF4B-00C04F79EFBC}") = "Basket.Tests", "tests\Modules\Basket.Tests\Basket.Tests.csproj", "{75FCC9B7-F903-480B-A8B5-DCE3A882649F}"
EndProject
Global
	GlobalSection(SolutionConfigurationPlatforms) = preSolution
		Debug|Any CPU = Debug|Any CPU
		Release|Any CPU = Release|Any CPU
	EndGlobalSection
	GlobalSection(SolutionProperties) = preSolution
		HideSolutionNode = FALSE
	EndGlobalSection
	GlobalSection(ProjectConfigurationPlatforms) = postSolution
		{7C75C1AF-E502-42D9-BE22-AD7A74A9E3FA}.Debug|Any CPU.ActiveCfg = Debug|Any CPU
		{7C75C1AF-E502-42D9-BE22-AD7A74A9E3FA}.Debug|Any CPU.Build.0 = Debug|Any CPU
		{7C75C1AF-E502-42D9-BE22-AD7A74A9E3FA}.Release|Any CPU.ActiveCfg = Release|Any CPU
		{7C75C1AF-E502-42D9-BE22-AD7A74A9E3FA}.Release|Any CPU.Build.0 = Release|Any CPU
		{A0256337-60E1-4946-8BA7-38006050466E}.Debug|Any CPU.ActiveCfg = Debug|Any CPU
		{A0256337-60E1-4946-8BA7-38006050466E}.Debug|Any CPU.Build.0 = Debug|Any CPU
		{A0256337-60E1-4946-8BA7-38006050466E}.Release|Any CPU.ActiveCfg = Release|Any CPU
		{A0256337-60E1-4946-8BA7-38006050466E}.Release|Any CPU.Build.0 = Release|Any CPU
		{EB96ED44-E273-4737-AA38-36C7938552D8}.Debug|Any CPU.ActiveCfg = Debug|Any CPU
		{EB96ED44-E273-4737-AA38-36C7938552D8}.Debug|Any CPU.Build.0 = Debug|Any CPU
		{EB96ED44-E273-4737-AA38-36C7938552D8}.Release|Any CPU.ActiveCfg = Release|Any CPU
		{EB96ED44-E273-4737-AA38-36C7938552D8}.Release|Any CPU.Build.0 = Release|Any CPU
		{ADB79F6A-A095-4B78-9267-129856FB3F1A}.Debug|Any CPU.ActiveCfg = Debug|Any CPU
		{ADB79F6A-A095-4B78-9267-129856FB3F1A}.Debug|Any CPU.Build.0 = Debug|Any CPU
		{ADB79F6A-A095-4B78-9267-129856FB3F1A}.Release|Any CPU.ActiveCfg = Release|Any CPU
		{ADB79F6A-A095-4B78-9267-129856FB3F1A}.Release|Any CPU.Build.0 = Release|Any CPU
		{1526D780-E5D9-4FB4-B861-B2DFEE8FD231}.Debug|Any CPU.ActiveCfg = Debug|Any CPU
		{1526D780-E5D9-4FB4-B861-B2DFEE8FD231}.Debug|Any CPU.Build.0 = Debug|Any CPU
		{1526D780-E5D9-4FB4-B861-B2DFEE8FD231}.Release|Any CPU.ActiveCfg = Release|Any CPU
		{1526D780-E5D9-4FB4-B861-B2DFEE8FD231}.Release|Any CPU.Build.0 = Release|Any CPU
		{75FCC9B7-F903-480B-A8B5-DCE3A882649F}.Debug|Any CPU.ActiveCfg = Debug|Any CPU
		{75FCC9B7-F903-480B-A8B5-DCE3A882649F}.Debug|Any CPU.Build.0 = Debug|Any CPU
		{75FCC9B7-F903-480B-A8B5-DCE3A882649F}.Release|Any CPU.ActiveCfg = Release|Any CPU
		{75FCC9B7-F903-480B-A8B5-DCE3A882649F}.Release|Any CPU.Build.0 = Release|Any CPU
	EndGlobalSection
	GlobalSection(NestedProjects) = preSolution
		{F5674D7B-6D3B-440F-8C4A-C7449833FC9A} = {559E1E3D-E394-4C3A-8159-5F561F35E5D4}
		{7C75C1AF-E502-42D9-BE22-AD7A74A9E3FA} = {F5674D7B-6D3B-440F-8C4A-C7449833FC9A}
		{A0256337-60E1-4946-8BA7-38006050466E} = {F5674D7B-6D3B-440F-8C4A-C7449833FC9A}
		{EB96ED44-E273-4737-AA38-36C7938552D8} = {F5674D7B-6D3B-440F-8C4A-C7449833FC9A}
		{ADB79F6A-A095-4B78-9267-129856FB3F1A} = {F5674D7B-6D3B-440F-8C4A-C7449833FC9A}
		{5D801A03-E7FB-43C4-8143-D58BCF3C9511} = {559E1E3D-E394-4C3A-8159-5F561F35E5D4}
		{1526D780-E5D9-4FB4-B861-B2DFEE8FD231} = {5D801A03-E7FB-43C4-8143-D58BCF3C9511}
		{7BB3F667-334B-43DC-97D8-D07538E269BD} = {637AF5A7-3317-41D1-8EC9-DA90BE9B2651}
		{75FCC9B7-F903-480B-A8B5-DCE3A882649F} = {7BB3F667-334B-43DC-97D8-D07538E269BD}
	EndGlobalSection
EndGlobal
