{
  "version": 2,
  "dependencies": {
    "net8.0": {
      "EasyNetQ.DI.Microsoft": {
        "type": "Direct",
        "requested": "[7.6.0, )",
        "resolved": "7.6.0",
        "contentHash": "TA6fgInZJDlm47OOVO7apIz2w/joYzrxMBPSvP6nWEEc7IBPHZOTmmennyR9pO5rFRsybJ00ItMf31Ux5oeQLQ==",
        "dependencies": {
          "EasyNetQ": "7.6.0",
          "Microsoft.Extensions.DependencyInjection": "5.0.2"
        }
      },
      "EasyNetQ.Logging.Microsoft": {
        "type": "Direct",
        "requested": "[7.6.0, )",
        "resolved": "7.6.0",
        "contentHash": "bKibgsFXU98N+OG72/FpX4mk8wMYWIo0va05mt6ldfsKucWDtMd/BThQJJKFduNUzyVvOT++TM/UMihKheBSjA==",
        "dependencies": {
          "EasyNetQ": "7.6.0",
          "Microsoft.Extensions.Logging.Abstractions": "5.0.0"
        }
      },
      "EasyNetQ.Serialization.SystemTextJson": {
        "type": "Direct",
        "requested": "[7.6.0, )",
        "resolved": "7.6.0",
        "contentHash": "6LoWs4fCdCQBjsmduiq4TcgjCexy3wmCRvksPhE/7TjE82N03UZ/Wqvk0PpvpFgmCP8O13kTIonuOcT4RV820g==",
        "dependencies": {
          "EasyNetQ": "7.6.0",
          "System.Text.Json": "6.0.0"
        }
      },
      "Microsoft.Extensions.Configuration": {
        "type": "Direct",
        "requested": "[8.0.0-rc.2.23479.6, )",
        "resolved": "8.0.0-rc.2.23479.6",
        "contentHash": "EKodZ6NQYChCzAXCv4862OsVQcXM50vr0reWrtsmlv3vFyAvGOmqkbQyn4Gd07f4LJLkTSOCeWhpazzztSBHuA==",
        "dependencies": {
          "Microsoft.Extensions.Configuration.Abstractions": "8.0.0-rc.2.23479.6",
          "Microsoft.Extensions.Primitives": "8.0.0-rc.2.23479.6"
        }
      },
      "Microsoft.Extensions.Hosting": {
        "type": "Direct",
        "requested": "[8.0.0-rc.2.23479.6, )",
        "resolved": "8.0.0-rc.2.23479.6",
        "contentHash": "hkjCtq/2i0oO+qDKjyAYeLquAhs2y3elEp/6V3+K7ffPwoSxFQ7nzrA5q6cYAJkFpClNZG0Lv3XAbEDy6W/z7w==",
        "dependencies": {
          "Microsoft.Extensions.Configuration": "8.0.0-rc.2.23479.6",
          "Microsoft.Extensions.Configuration.Abstractions": "8.0.0-rc.2.23479.6",
          "Microsoft.Extensions.Configuration.Binder": "8.0.0-rc.2.23479.6",
          "Microsoft.Extensions.Configuration.CommandLine": "8.0.0-rc.2.23479.6",
          "Microsoft.Extensions.Configuration.EnvironmentVariables": "8.0.0-rc.2.23479.6",
          "Microsoft.Extensions.Configuration.FileExtensions": "8.0.0-rc.2.23479.6",
          "Microsoft.Extensions.Configuration.Json": "8.0.0-rc.2.23479.6",
          "Microsoft.Extensions.Configuration.UserSecrets": "8.0.0-rc.2.23479.6",
          "Microsoft.Extensions.DependencyInjection": "8.0.0-rc.2.23479.6",
          "Microsoft.Extensions.DependencyInjection.Abstractions": "8.0.0-rc.2.23479.6",
          "Microsoft.Extensions.Diagnostics": "8.0.0-rc.2.23479.6",
          "Microsoft.Extensions.FileProviders.Abstractions": "8.0.0-rc.2.23479.6",
          "Microsoft.Extensions.FileProviders.Physical": "8.0.0-rc.2.23479.6",
          "Microsoft.Extensions.Hosting.Abstractions": "8.0.0-rc.2.23479.6",
          "Microsoft.Extensions.Logging": "8.0.0-rc.2.23479.6",
          "Microsoft.Extensions.Logging.Abstractions": "8.0.0-rc.2.23479.6",
          "Microsoft.Extensions.Logging.Configuration": "8.0.0-rc.2.23479.6",
          "Microsoft.Extensions.Logging.Console": "8.0.0-rc.2.23479.6",
          "Microsoft.Extensions.Logging.Debug": "8.0.0-rc.2.23479.6",
          "Microsoft.Extensions.Logging.EventLog": "8.0.0-rc.2.23479.6",
          "Microsoft.Extensions.Logging.EventSource": "8.0.0-rc.2.23479.6",
          "Microsoft.Extensions.Options": "8.0.0-rc.2.23479.6"
        }
      },
      "OneOf": {
        "type": "Direct",
        "requested": "[3.0.263, )",
        "resolved": "3.0.263",
        "contentHash": "2xXFnUxkAA0rJ2sJz9FPeW/gzJIBvyj+xIvfTIkz42pz9JlcYse4/rwRnkmCsYxw6osy1whnBO6Ox6HBKEqDMw=="
      },
      "OneOf.SourceGenerator": {
        "type": "Direct",
        "requested": "[3.0.263, )",
        "resolved": "3.0.263",
        "contentHash": "GxgryFHS0Te/Oq0ZBxCXInNefR6tELQcP5g2WUmgoeXALPrvMss8xWyBFyzS2ucLRpQa7pV+ZXhqO+7NPVxtoQ=="
      },
      "System.Linq.Async": {
        "type": "Direct",
        "requested": "[6.0.1, )",
        "resolved": "6.0.1",
        "contentHash": "0YhHcaroWpQ9UCot3Pizah7ryAzQhNvobLMSxeDIGmnXfkQn8u5owvpOH0K6EVB+z9L7u6Cc4W17Br/+jyttEQ==",
        "dependencies": {
          "Microsoft.Bcl.AsyncInterfaces": "6.0.0"
        }
      },
      "EasyNetQ": {
        "type": "Transitive",
        "resolved": "7.6.0",
        "contentHash": "yuV2KMTSC02Sgv46opeAmUfWQTfVWeH+pdpEa/xHekT2hBabMhmrUHi9hT3/kAEoyqKeJWFKb2KdNGtSBlxtcA==",
        "dependencies": {
          "RabbitMQ.Client": "6.6.0"
        }
      },
      "Google.Protobuf": {
        "type": "Transitive",
        "resolved": "3.19.4",
        "contentHash": "fd07/ykL4O4FhqrZIELm5lmiyOHfdPg9+o+hWr6tcfRdS7tHXnImg/2wtogLzlW2eEmr0J7j6ZrZvaWOLiJbxQ=="
      },
      "Grpc.Core.Api": {
        "type": "Transitive",
        "resolved": "2.52.0",
        "contentHash": "SQiPyBczG4vKPmI6Fd+O58GcxxDSFr6nfRAJuBDUNj+PgdokhjWJvZE/La1c09AkL2FVm/jrDloG89nkzmVF7A==",
        "dependencies": {
          "System.Memory": "4.5.3"
        }
      },
      "Grpc.Net.Client": {
        "type": "Transitive",
        "resolved": "2.52.0",
        "contentHash": "hWVH9g/Nnjz40ni//2S8UIOyEmhueQREoZIkD0zKHEPqLxXcNlbp4eebXIOicZtkwDSx0TFz9NpkbecEDn6rBw==",
        "dependencies": {
          "Grpc.Net.Common": "2.52.0",
          "Microsoft.Extensions.Logging.Abstractions": "3.0.3"
        }
      },
      "Grpc.Net.Common": {
        "type": "Transitive",
        "resolved": "2.52.0",
        "contentHash": "di9qzpdx525IxumZdYmu6sG2y/gXJyYeZ1ruFUzB9BJ1nj4kU1/dTAioNCMt1VLRvNVDqh8S8B1oBdKhHJ4xRg==",
        "dependencies": {
          "Grpc.Core.Api": "2.52.0"
        }
      },
      "Microsoft.Bcl.AsyncInterfaces": {
        "type": "Transitive",
        "resolved": "6.0.0",
        "contentHash": "UcSjPsst+DfAdJGVDsu346FX0ci0ah+lw3WRtn18NUwEqRt70HaOQ7lI72vy3+1LxtqI3T5GWwV39rQSrCzAeg=="
      },
      "Microsoft.Extensions.Configuration.Abstractions": {
        "type": "Transitive",
        "resolved": "8.0.0-rc.2.23479.6",
        "contentHash": "l9dJA7vNLJtSwg0J3ThUA47YZiRVQIIhCyMMNu/wJ0KOawdMmbrzJnKfd1sioZp0JzT+1IjiVaUZWK0t47pPOQ==",
        "dependencies": {
          "Microsoft.Extensions.Primitives": "8.0.0-rc.2.23479.6"
        }
      },
      "Microsoft.Extensions.Configuration.Binder": {
        "type": "Transitive",
        "resolved": "8.0.0-rc.2.23479.6",
        "contentHash": "PCaxgxWQQ9Tp7s2ZGQ5gGgHJrZvof7Cx4ZYXACNGjSJqZy1fHLBGY9swBAF3EiYiZaT3Gi1n5ULcg4zBDyBQ8g==",
        "dependencies": {
          "Microsoft.Extensions.Configuration.Abstractions": "8.0.0-rc.2.23479.6"
        }
      },
      "Microsoft.Extensions.Configuration.CommandLine": {
        "type": "Transitive",
        "resolved": "8.0.0-rc.2.23479.6",
        "contentHash": "aM7UGF3ofB/q/bE9nLhZK7Ax8DCSJUyIfPTa3MJG+R2TEggWvsoRT2m7eNiHjBzOeTMZ1LwVQzECR9/KyQCMJA==",
        "dependencies": {
          "Microsoft.Extensions.Configuration": "8.0.0-rc.2.23479.6",
          "Microsoft.Extensions.Configuration.Abstractions": "8.0.0-rc.2.23479.6"
        }
      },
      "Microsoft.Extensions.Configuration.EnvironmentVariables": {
        "type": "Transitive",
        "resolved": "8.0.0-rc.2.23479.6",
        "contentHash": "Swl5+4V3iXQ1BdzqeocU6u08lwuMGuZqjx2xXVuk/3yrN9VDIHXexf6LJab/ekAMqD3uBxU8fHLzu9OHsUD9cA==",
        "dependencies": {
          "Microsoft.Extensions.Configuration": "8.0.0-rc.2.23479.6",
          "Microsoft.Extensions.Configuration.Abstractions": "8.0.0-rc.2.23479.6"
        }
      },
      "Microsoft.Extensions.Configuration.FileExtensions": {
        "type": "Transitive",
        "resolved": "8.0.0-rc.2.23479.6",
        "contentHash": "uO2QayG/1D7CwnQ7hV6+/gYlLETsveiQGalWsIzkNjuh0AnEd0YhOaPah1cl9PvETisoWritbbQ6X4vle3P5BA==",
        "dependencies": {
          "Microsoft.Extensions.Configuration": "8.0.0-rc.2.23479.6",
          "Microsoft.Extensions.Configuration.Abstractions": "8.0.0-rc.2.23479.6",
          "Microsoft.Extensions.FileProviders.Abstractions": "8.0.0-rc.2.23479.6",
          "Microsoft.Extensions.FileProviders.Physical": "8.0.0-rc.2.23479.6",
          "Microsoft.Extensions.Primitives": "8.0.0-rc.2.23479.6"
        }
      },
      "Microsoft.Extensions.Configuration.Json": {
        "type": "Transitive",
        "resolved": "8.0.0-rc.2.23479.6",
        "contentHash": "REfn7SU7wZ3DsArmkT4w14NSJMyNRyFebDYG46bSRiHw/DiTwse1l0kyVnM3h/7Uo+jRZjJZontjHgaVno2Z0g==",
        "dependencies": {
          "Microsoft.Extensions.Configuration": "8.0.0-rc.2.23479.6",
          "Microsoft.Extensions.Configuration.Abstractions": "8.0.0-rc.2.23479.6",
          "Microsoft.Extensions.Configuration.FileExtensions": "8.0.0-rc.2.23479.6",
          "Microsoft.Extensions.FileProviders.Abstractions": "8.0.0-rc.2.23479.6",
          "System.Text.Json": "8.0.0-rc.2.23479.6"
        }
      },
      "Microsoft.Extensions.Configuration.UserSecrets": {
        "type": "Transitive",
        "resolved": "8.0.0-rc.2.23479.6",
        "contentHash": "Mpgua/SswglsIT9LoLdMBxU0gGMyINHHp4yag4QNwl2LFI0RzN0TnYZgB1mJ/hk3MrMtRh6Cv3Ef1FV25sk0YQ==",
        "dependencies": {
          "Microsoft.Extensions.Configuration.Abstractions": "8.0.0-rc.2.23479.6",
          "Microsoft.Extensions.Configuration.Json": "8.0.0-rc.2.23479.6",
          "Microsoft.Extensions.FileProviders.Abstractions": "8.0.0-rc.2.23479.6",
          "Microsoft.Extensions.FileProviders.Physical": "8.0.0-rc.2.23479.6"
        }
      },
      "Microsoft.Extensions.DependencyInjection": {
        "type": "Transitive",
        "resolved": "8.0.0-rc.2.23479.6",
        "contentHash": "pUD/Gjd0MTrWPD4/SnKazYQvky2EHEtPyGb3FWZkEPWAfYPFVVw5fMRTkfoBPivpWLuxEw4FNK7GX77xEErUQQ==",
        "dependencies": {
          "Microsoft.Extensions.DependencyInjection.Abstractions": "8.0.0-rc.2.23479.6"
        }
      },
      "Microsoft.Extensions.DependencyInjection.Abstractions": {
        "type": "Transitive",
        "resolved": "8.0.0-rc.2.23479.6",
        "contentHash": "QLTBDvE/E05Xl2UVFXOBFIW0VLn/mMJ8DSbTyK6ODsO3sqDs0fyPqydACTnX/nbGZRrTMeud3XDbUrt24ab1EA=="
      },
      "Microsoft.Extensions.Diagnostics": {
        "type": "Transitive",
        "resolved": "8.0.0-rc.2.23479.6",
        "contentHash": "Vi2kvOc0RShw9CtEPRdWaaNQguZFZbGtfcJ1TNwhc3WxHYV/L+Z7yv5oWcMNMEg73IFYqZlw+O207wqF5tx6tw==",
        "dependencies": {
          "Microsoft.Extensions.Configuration": "8.0.0-rc.2.23479.6",
          "Microsoft.Extensions.Diagnostics.Abstractions": "8.0.0-rc.2.23479.6",
          "Microsoft.Extensions.Options.ConfigurationExtensions": "8.0.0-rc.2.23479.6"
        }
      },
      "Microsoft.Extensions.Diagnostics.Abstractions": {
        "type": "Transitive",
        "resolved": "8.0.0-rc.2.23479.6",
        "contentHash": "AuJAzE869SAnztIP7RNCKaihJpCKajS519g+Nmd7CorXc6Y559ygx/nm9JVCAm8cGEbedPhCyvTIkWnCsLV1GA==",
        "dependencies": {
          "Microsoft.Extensions.DependencyInjection.Abstractions": "8.0.0-rc.2.23479.6",
          "Microsoft.Extensions.Options": "8.0.0-rc.2.23479.6",
          "System.Diagnostics.DiagnosticSource": "8.0.0-rc.2.23479.6"
        }
      },
      "Microsoft.Extensions.FileProviders.Abstractions": {
        "type": "Transitive",
        "resolved": "8.0.0-rc.2.23479.6",
        "contentHash": "o7G1lHK9/gXYyVNh6AuUC5sCM6sWWbH1fgBlsju6ZSgG5dfrEQKJPxO7pTJNA2AGhjw7hi9MnuexbaBUg1gakg==",
        "dependencies": {
          "Microsoft.Extensions.Primitives": "8.0.0-rc.2.23479.6"
        }
      },
      "Microsoft.Extensions.FileProviders.Physical": {
        "type": "Transitive",
        "resolved": "8.0.0-rc.2.23479.6",
        "contentHash": "3UbcAzy97e6CapSOUW/xrExkQM9fE1MYP0mOMObEJFm9KiWqg8FLZ02A2gJR6nEF2mKxUlKpY8c8QQvpLjensw==",
        "dependencies": {
          "Microsoft.Extensions.FileProviders.Abstractions": "8.0.0-rc.2.23479.6",
          "Microsoft.Extensions.FileSystemGlobbing": "8.0.0-rc.2.23479.6",
          "Microsoft.Extensions.Primitives": "8.0.0-rc.2.23479.6"
        }
      },
      "Microsoft.Extensions.FileSystemGlobbing": {
        "type": "Transitive",
        "resolved": "8.0.0-rc.2.23479.6",
        "contentHash": "Y30EujGJNab4f0+cSd37Tei6PhSyL+dcjXYn9tZhd3+WhJYK1Rlo1fRAwtN1jYzQiKnKVUKdCzidaJwdpJyKuA=="
      },
      "Microsoft.Extensions.Hosting.Abstractions": {
        "type": "Transitive",
        "resolved": "8.0.0-rc.2.23479.6",
        "contentHash": "w0OmksSzyWzQOiWYqzNIHz/fjI+fOapCMRr5Vp2bQ3YD1LLFXrYPpBQstSZEdoSk6TqzBkCi6kW5C1foz3KcKg==",
        "dependencies": {
          "Microsoft.Extensions.Configuration.Abstractions": "8.0.0-rc.2.23479.6",
          "Microsoft.Extensions.DependencyInjection.Abstractions": "8.0.0-rc.2.23479.6",
          "Microsoft.Extensions.Diagnostics.Abstractions": "8.0.0-rc.2.23479.6",
          "Microsoft.Extensions.FileProviders.Abstractions": "8.0.0-rc.2.23479.6",
          "Microsoft.Extensions.Logging.Abstractions": "8.0.0-rc.2.23479.6"
        }
      },
      "Microsoft.Extensions.Logging.Abstractions": {
        "type": "Transitive",
        "resolved": "8.0.0-rc.2.23479.6",
        "contentHash": "xuQcOpvz76nTYytCf9HrHGCbMq/PU/ZGSkhX/grDBfWHZ1gjz38hDjrYn4NMr5DnndNtou4yn6tR5q0hjCr9pw==",
        "dependencies": {
          "Microsoft.Extensions.DependencyInjection.Abstractions": "8.0.0-rc.2.23479.6"
        }
      },
      "Microsoft.Extensions.Logging.Configuration": {
        "type": "Transitive",
        "resolved": "8.0.0-rc.2.23479.6",
        "contentHash": "ajdijP8unIuHcNm8sxKWPo6lwEOjTFIVJrEEvrYuW/ChVEE4/A6WdI7SHuHGREMWiGem4mRX4yGR0BkKdGv+5g==",
        "dependencies": {
          "Microsoft.Extensions.Configuration": "8.0.0-rc.2.23479.6",
          "Microsoft.Extensions.Configuration.Abstractions": "8.0.0-rc.2.23479.6",
          "Microsoft.Extensions.Configuration.Binder": "8.0.0-rc.2.23479.6",
          "Microsoft.Extensions.DependencyInjection.Abstractions": "8.0.0-rc.2.23479.6",
          "Microsoft.Extensions.Logging": "8.0.0-rc.2.23479.6",
          "Microsoft.Extensions.Logging.Abstractions": "8.0.0-rc.2.23479.6",
          "Microsoft.Extensions.Options": "8.0.0-rc.2.23479.6",
          "Microsoft.Extensions.Options.ConfigurationExtensions": "8.0.0-rc.2.23479.6"
        }
      },
      "Microsoft.Extensions.Logging.Console": {
        "type": "Transitive",
        "resolved": "8.0.0-rc.2.23479.6",
        "contentHash": "ZtUuayLcAEfV9MP6Hscqwx8zWbqXsx8YZMZOb1lpj0L9K/ycuk31NA5/h+AR7fNeXihlxRGqDTGnrkqZzraevw==",
        "dependencies": {
          "Microsoft.Extensions.DependencyInjection.Abstractions": "8.0.0-rc.2.23479.6",
          "Microsoft.Extensions.Logging": "8.0.0-rc.2.23479.6",
          "Microsoft.Extensions.Logging.Abstractions": "8.0.0-rc.2.23479.6",
          "Microsoft.Extensions.Logging.Configuration": "8.0.0-rc.2.23479.6",
          "Microsoft.Extensions.Options": "8.0.0-rc.2.23479.6",
          "System.Text.Json": "8.0.0-rc.2.23479.6"
        }
      },
      "Microsoft.Extensions.Logging.Debug": {
        "type": "Transitive",
        "resolved": "8.0.0-rc.2.23479.6",
        "contentHash": "8aO7p+Bsh0TbE8N0FDP2vXenJhNoR9qTb6JudtMQuH8LvP6aXQBFqadMdWtCuo/+Quo7qwmuDlbULM/0RLGyDA==",
        "dependencies": {
          "Microsoft.Extensions.DependencyInjection.Abstractions": "8.0.0-rc.2.23479.6",
          "Microsoft.Extensions.Logging": "8.0.0-rc.2.23479.6",
          "Microsoft.Extensions.Logging.Abstractions": "8.0.0-rc.2.23479.6"
        }
      },
      "Microsoft.Extensions.Logging.EventLog": {
        "type": "Transitive",
        "resolved": "8.0.0-rc.2.23479.6",
        "contentHash": "kYzA/FsK+WyS3O9ivvawwzoQFCMEzN0p9dUdWQ5vBBlBZbwasDAa2pqNf01Stud62WN0JrEy6Y8H2Jo4BcC2KQ==",
        "dependencies": {
          "Microsoft.Extensions.DependencyInjection.Abstractions": "8.0.0-rc.2.23479.6",
          "Microsoft.Extensions.Logging": "8.0.0-rc.2.23479.6",
          "Microsoft.Extensions.Logging.Abstractions": "8.0.0-rc.2.23479.6",
          "Microsoft.Extensions.Options": "8.0.0-rc.2.23479.6",
          "System.Diagnostics.EventLog": "8.0.0-rc.2.23479.6"
        }
      },
      "Microsoft.Extensions.Logging.EventSource": {
        "type": "Transitive",
        "resolved": "8.0.0-rc.2.23479.6",
        "contentHash": "4OoN1QGiNNXdQB9bdE9wO9Po7ZYxGeALVOhiCSC8U0lTp6sc/xh9saQRGaOeFfXiiOcoe/eYpINVI7cQ12lt0Q==",
        "dependencies": {
          "Microsoft.Extensions.DependencyInjection.Abstractions": "8.0.0-rc.2.23479.6",
          "Microsoft.Extensions.Logging": "8.0.0-rc.2.23479.6",
          "Microsoft.Extensions.Logging.Abstractions": "8.0.0-rc.2.23479.6",
          "Microsoft.Extensions.Options": "8.0.0-rc.2.23479.6",
          "Microsoft.Extensions.Primitives": "8.0.0-rc.2.23479.6",
          "System.Text.Json": "8.0.0-rc.2.23479.6"
        }
      },
      "Microsoft.Extensions.Options": {
        "type": "Transitive",
        "resolved": "8.0.0-rc.2.23479.6",
        "contentHash": "f2uTnKEleplKK+pVKEg1rOCmM3+cuLpafTpKJzbj9lm8dmj0+dWxb0L6MAt9r1s3OYlIKY5IdkW0TUFKXvRCMg==",
        "dependencies": {
          "Microsoft.Extensions.DependencyInjection.Abstractions": "8.0.0-rc.2.23479.6",
          "Microsoft.Extensions.Primitives": "8.0.0-rc.2.23479.6"
        }
      },
      "Microsoft.Extensions.Options.ConfigurationExtensions": {
        "type": "Transitive",
        "resolved": "8.0.0-rc.2.23479.6",
        "contentHash": "KTRXGMIX1A99qYV94ioU9XeWUgftfivS7NWIe4wrCdBYV9G915kvCJEcAU9QeUlogN8t53nqPY+RQUMUTvFGkg==",
        "dependencies": {
          "Microsoft.Extensions.Configuration.Abstractions": "8.0.0-rc.2.23479.6",
          "Microsoft.Extensions.Configuration.Binder": "8.0.0-rc.2.23479.6",
          "Microsoft.Extensions.DependencyInjection.Abstractions": "8.0.0-rc.2.23479.6",
          "Microsoft.Extensions.Options": "8.0.0-rc.2.23479.6",
          "Microsoft.Extensions.Primitives": "8.0.0-rc.2.23479.6"
        }
      },
      "Microsoft.Extensions.Primitives": {
        "type": "Transitive",
        "resolved": "8.0.0-rc.2.23479.6",
        "contentHash": "I3fTiDmV+2cCR3VjH+oz49AMgrAqX1cmNiWXmEAituAI7jCLA16uXzvYQTwxhQzov5BTdPVXKGNTxsMb1GpcLQ=="
      },
      "OpenTelemetry": {
        "type": "Transitive",
        "resolved": "1.6.0",
        "contentHash": "bTvLk9YIg0nUDb6K+f8mJkMK8b7sfGEyD0Zmg6ckD7kDCkBq1Hk1KjqlA/jEsypJIVnyclP0CGDcOELGYXGpAA==",
        "dependencies": {
          "Microsoft.Extensions.Logging.Configuration": "3.1.0",
          "OpenTelemetry.Api.ProviderBuilderExtensions": "1.6.0"
        }
      },
      "OpenTelemetry.Api": {
        "type": "Transitive",
        "resolved": "1.6.0",
        "contentHash": "LTF4PB6UicJlgrBBg0rblAMyJJLMAVBujg8T9pGPQsl1vVgPNZoJNTLadhC3ZdYUzuKsvYLS31vT0/wl97JtEw==",
        "dependencies": {
          "System.Diagnostics.DiagnosticSource": "7.0.2"
        }
      },
      "OpenTelemetry.Api.ProviderBuilderExtensions": {
        "type": "Transitive",
        "resolved": "1.6.0",
        "contentHash": "k8lqUAxjXkCV6yKdXfCbxsHMh5x7F7q8lAKm61rP/iP3EJPG1XhOy3j9nyubBYCm/xqlIy4ugWcqY1Inxolozw==",
        "dependencies": {
          "Microsoft.Extensions.DependencyInjection.Abstractions": "3.1.0",
          "OpenTelemetry.Api": "1.6.0"
        }
      },
      "RabbitMQ.Client": {
        "type": "Transitive",
        "resolved": "6.6.0",
        "contentHash": "klht0KBLO7xs/uIn8uejq1VC5wJJ8dHJSm2GmFmJHWQnFzWK5YTNUta6IrnuzitR1T5psxIuqwdQqalbTLPtcA==",
        "dependencies": {
          "System.Memory": "4.5.5",
          "System.Threading.Channels": "7.0.0"
        }
      },
      "System.Diagnostics.DiagnosticSource": {
        "type": "Transitive",
        "resolved": "8.0.0-rc.2.23479.6",
        "contentHash": "D1Fi5wRyRVwriEdlSniYlo2kW8SCGaSCM/alsY8R7eXcW+xCPRB7gohE45X00EiNkhdUrJ3yNfltV8lLK0HoWQ=="
      },
      "System.Diagnostics.EventLog": {
        "type": "Transitive",
        "resolved": "8.0.0-rc.2.23479.6",
        "contentHash": "HMyVSVGuhpzOV1y8j/+y2HZAAo7E1m8WhSZCDsgDG6GDzrUL3voCURbrBlAeLNParK8QNO5Ht06ccWuXOMLYIA=="
      },
      "System.Text.Encodings.Web": {
        "type": "Transitive",
        "resolved": "8.0.0-rc.1.23419.4",
        "contentHash": "p7x+hBP1/7bC+KXeFARIUP00MHbm796rWB8iqO8Ag2ML6SB13qbs3240nvdHwA3vLpVEOMCFhrbJoJf81QDMiw=="
      },
      "System.Threading.Channels": {
        "type": "Transitive",
        "resolved": "7.0.0",
        "contentHash": "qmeeYNROMsONF6ndEZcIQ+VxR4Q/TX/7uIVLJqtwIWL7dDWeh0l1UIqgo4wYyjG//5lUNhwkLDSFl+pAWO6oiA=="
      },
      "common": {
        "type": "Project"
      },
      "telemetry": {
        "type": "Project",
        "dependencies": {
          "Microsoft.Extensions.Hosting": "[8.0.0-rc.2.23479.6, )",
          "OpenTelemetry.Exporter.Console": "[1.6.0, )",
          "OpenTelemetry.Exporter.OpenTelemetryProtocol": "[1.6.0, )",
          "OpenTelemetry.Extensions": "[1.0.0-beta.4, )",
          "OpenTelemetry.Extensions.Hosting": "[1.6.0, )",
          "OpenTelemetry.Instrumentation.AspNetCore": "[1.5.1-beta.1, )"
        }
      },
      "Microsoft.Extensions.Logging": {
        "type": "CentralTransitive",
        "requested": "[8.0.0-rc.2.23479.6, )",
        "resolved": "8.0.0-rc.2.23479.6",
        "contentHash": "EqCB9QQYUHUVklT1Us38PuiHNIAbYHVnAvPEpR8VSBbiCa1GUIOdW+zLR8Cvb9XtjDkirVA+eH84z0ktikPw5Q==",
        "dependencies": {
          "Microsoft.Extensions.DependencyInjection": "8.0.0-rc.2.23479.6",
          "Microsoft.Extensions.Logging.Abstractions": "8.0.0-rc.2.23479.6",
          "Microsoft.Extensions.Options": "8.0.0-rc.2.23479.6"
        }
      },
      "OpenTelemetry.Exporter.Console": {
        "type": "CentralTransitive",
        "requested": "[1.6.0, )",
        "resolved": "1.6.0",
        "contentHash": "M7icDNHjLRllgi6n3xlFEkBSQaPNnG1cwKm74RNUNT56XTmggHACmuiOxpqBXPchjOQNwsUS7We9fEz3ul97zg==",
        "dependencies": {
          "OpenTelemetry": "1.6.0",
          "System.Text.Encodings.Web": "4.7.2",
          "System.Text.Json": "4.7.2"
        }
      },
      "OpenTelemetry.Exporter.OpenTelemetryProtocol": {
        "type": "CentralTransitive",
        "requested": "[1.6.0, )",
        "resolved": "1.6.0",
        "contentHash": "Xfb4ouRSerQe8Kgg6JBHMaPnjD7cPzdPIk4df6JDLO8G/S0K7uTMngw5qbVm88cqGs0p+YcQTg6FvXMQ6kL/dw==",
        "dependencies": {
          "Google.Protobuf": "[3.19.4, 4.0.0)",
          "Grpc.Net.Client": "[2.52.0, 3.0.0)",
          "OpenTelemetry": "1.6.0"
        }
      },
      "OpenTelemetry.Extensions": {
        "type": "CentralTransitive",
        "requested": "[1.0.0-beta.4, )",
        "resolved": "1.0.0-beta.4",
        "contentHash": "yGqJ7MloFplJEa3UXeEOsvNiilbgIu9YfD4ekANC7I4wANTJVEj6HTh0m1A9/0KkJQHDPixs0wf/Ke2+2SpLng==",
        "dependencies": {
          "OpenTelemetry": "[1.4.0, 2.0.0)"
        }
      },
      "OpenTelemetry.Extensions.Hosting": {
        "type": "CentralTransitive",
        "requested": "[1.6.0, )",
        "resolved": "1.6.0",
        "contentHash": "Bu9biIlX1mLOtHiXYJ+IJJ2AfuiXcUjswxo5FD+pV+V+miRS0AtJrnZoWzlL2ATVY0QlVbSBJFDULPbgb0vylw==",
        "dependencies": {
          "Microsoft.Extensions.Hosting.Abstractions": "2.1.0",
          "OpenTelemetry": "1.6.0"
        }
      },
      "OpenTelemetry.Instrumentation.AspNetCore": {
        "type": "CentralTransitive",
        "requested": "[1.5.1-beta.1, )",
        "resolved": "1.5.1-beta.1",
        "contentHash": "szyjWK0GdA0hFfxjdBykYsgrXv6NVTu5HDxIgQOcZMqWu6hyikKDMcP+hYC3rD2mJbIdvjEdhEyZOb84sCevHA==",
        "dependencies": {
          "OpenTelemetry": "1.5.1"
        }
      },
      "System.Memory": {
        "type": "CentralTransitive",
        "requested": "[4.5.5, )",
        "resolved": "4.5.5",
        "contentHash": "XIWiDvKPXaTveaB7HVganDlOCRoj03l+jrwNvcge/t8vhGYKvqV+dMv6G4SAX2NoNmN0wZfVPTAlFwZcZvVOUw=="
      },
      "System.Text.Json": {
        "type": "CentralTransitive",
        "requested": "[8.0.0-rc.1.23419.4, )",
        "resolved": "8.0.0-rc.1.23419.4",
        "contentHash": "sXFoiHIhz/E5iQin+3oAyBvDww8eYjO0c1vZAico4X6Bbwezjl0Z32lmm4zXgUQ0ol/fl27OSEqWIw+ykWYWHg==",
        "dependencies": {
          "System.Text.Encodings.Web": "8.0.0-rc.1.23419.4"
        }
      }
    }
  }
}