{
  "version": 2,
  "dependencies": {
    "net8.0": {
      "Carter": {
        "type": "Direct",
        "requested": "[7.2.0, )",
        "resolved": "7.2.0",
        "contentHash": "IZ11tAruv1IXN/eyRpf0XkfeAbjPvjiQrudFy+zJywVNk1ltAiPopR+5DdRgxTiTpP0V3rem3/Pirjzo94fT2g==",
        "dependencies": {
          "FluentValidation": "11.0.1",
          "Microsoft.Extensions.DependencyModel": "7.0.0"
        }
      },
      "Npgsql.OpenTelemetry": {
        "type": "Direct",
        "requested": "[7.0.6, )",
        "resolved": "7.0.6",
        "contentHash": "Syfwc3zzjiJj9EMEOx8P+ZYF8KU0HzqGrnQxJo4WDWqt+sqNhBdXd98+anSZECQ9Td6p2C41FIRvGJshH3Z8sA==",
        "dependencies": {
          "Npgsql": "7.0.6",
          "OpenTelemetry.API": "1.3.1"
        }
      },
      "Swashbuckle.AspNetCore": {
        "type": "Direct",
        "requested": "[6.5.0, )",
        "resolved": "6.5.0",
        "contentHash": "FK05XokgjgwlCI6wCT+D4/abtQkL1X1/B9Oas6uIwHFmYrIO9WUD5aLC9IzMs9GnHfUXOtXZ2S43gN1mhs5+aA==",
        "dependencies": {
          "Microsoft.Extensions.ApiDescription.Server": "6.0.5",
          "Swashbuckle.AspNetCore.Swagger": "6.5.0",
          "Swashbuckle.AspNetCore.SwaggerGen": "6.5.0",
          "Swashbuckle.AspNetCore.SwaggerUI": "6.5.0"
        }
      },
      "AspNetCore.HealthChecks.UI.Core": {
        "type": "Transitive",
        "resolved": "7.0.0",
        "contentHash": "nOBktEQ/PjCqJIqLlFlLXKdDyJ42OsgDpd4WaD9iZH1GQD+LlBW36xObn9LUFj3lNOAULfobAt/l2n/9X0oiIA==",
        "dependencies": {
          "Microsoft.Extensions.DependencyInjection.Abstractions": "7.0.0",
          "Microsoft.Extensions.Diagnostics.HealthChecks": "7.0.9"
        }
      },
      "FluentValidation": {
        "type": "Transitive",
        "resolved": "11.0.1",
        "contentHash": "fcL5zF/glDwskUtpL0IfBupVWTChxOOvVs+dAA7Gme5NjIeJBiFKWq3eZV1O+AigucnBTr8SWG7wRRn+PgFnTw=="
      },
      "Google.Protobuf": {
        "type": "Transitive",
        "resolved": "3.19.4",
        "contentHash": "fd07/ykL4O4FhqrZIELm5lmiyOHfdPg9+o+hWr6tcfRdS7tHXnImg/2wtogLzlW2eEmr0J7j6ZrZvaWOLiJbxQ=="
      },
      "Grpc.Core.Api": {
        "type": "Transitive",
        "resolved": "2.52.0",
        "contentHash": "SQiPyBczG4vKPmI6Fd+O58GcxxDSFr6nfRAJuBDUNj+PgdokhjWJvZE/La1c09AkL2FVm/jrDloG89nkzmVF7A==",
        "dependencies": {
          "System.Memory": "4.5.3"
        }
      },
      "Grpc.Net.Client": {
        "type": "Transitive",
        "resolved": "2.52.0",
        "contentHash": "hWVH9g/Nnjz40ni//2S8UIOyEmhueQREoZIkD0zKHEPqLxXcNlbp4eebXIOicZtkwDSx0TFz9NpkbecEDn6rBw==",
        "dependencies": {
          "Grpc.Net.Common": "2.52.0",
          "Microsoft.Extensions.Logging.Abstractions": "3.0.3"
        }
      },
      "Grpc.Net.Common": {
        "type": "Transitive",
        "resolved": "2.52.0",
        "contentHash": "di9qzpdx525IxumZdYmu6sG2y/gXJyYeZ1ruFUzB9BJ1nj4kU1/dTAioNCMt1VLRvNVDqh8S8B1oBdKhHJ4xRg==",
        "dependencies": {
          "Grpc.Core.Api": "2.52.0"
        }
      },
      "Microsoft.Bcl.AsyncInterfaces": {
        "type": "Transitive",
        "resolved": "6.0.0",
        "contentHash": "UcSjPsst+DfAdJGVDsu346FX0ci0ah+lw3WRtn18NUwEqRt70HaOQ7lI72vy3+1LxtqI3T5GWwV39rQSrCzAeg=="
      },
      "Microsoft.EntityFrameworkCore": {
        "type": "Transitive",
        "resolved": "7.0.11",
        "contentHash": "r7YGITjQ7v1hYtUXIavjSx+T1itKVPUFAIBN7HaKNjbR8x+gep8w9H3NEchglJOh1woZR4b2MhbSo2YFRZwZDg==",
        "dependencies": {
          "Microsoft.EntityFrameworkCore.Abstractions": "7.0.11",
          "Microsoft.EntityFrameworkCore.Analyzers": "7.0.11",
          "Microsoft.Extensions.Caching.Memory": "7.0.0",
          "Microsoft.Extensions.DependencyInjection": "7.0.0",
          "Microsoft.Extensions.Logging": "7.0.0"
        }
      },
      "Microsoft.EntityFrameworkCore.Abstractions": {
        "type": "Transitive",
        "resolved": "7.0.11",
        "contentHash": "IoOnhycZ0/VtLowf0HgB0cujxwksokzkS3/5108AHOcbntHUTqwxtCjG4E4FCly/45G+mxb+4PxBdFZhA49lwQ=="
      },
      "Microsoft.EntityFrameworkCore.Analyzers": {
        "type": "Transitive",
        "resolved": "7.0.11",
        "contentHash": "Qexum5safSSfijx6P1QSq5bVJPPTM/uf7lQmpL/shkiozEC/0FzqNaVUfFpbNN8zsO1jMFYbeDMF4cxJMlTT9w=="
      },
      "Microsoft.EntityFrameworkCore.Relational": {
        "type": "Transitive",
        "resolved": "7.0.11",
        "contentHash": "yHEEyah1XARStV1SJOsdKj8ieoMCZ0MkNuQaLfWONMWmbqwuDohfGQZk/FuzdT4aO/lJrUYiXbBSFv0ACzphEw==",
        "dependencies": {
          "Microsoft.EntityFrameworkCore": "7.0.11",
          "Microsoft.Extensions.Configuration.Abstractions": "7.0.0"
        }
      },
      "Microsoft.Extensions.ApiDescription.Server": {
        "type": "Transitive",
        "resolved": "6.0.5",
        "contentHash": "Ckb5EDBUNJdFWyajfXzUIMRkhf52fHZOQuuZg/oiu8y7zDCVwD0iHhew6MnThjHmevanpxL3f5ci2TtHQEN6bw=="
      },
      "Microsoft.Extensions.Caching.Abstractions": {
        "type": "Transitive",
        "resolved": "7.0.0",
        "contentHash": "IeimUd0TNbhB4ded3AbgBLQv2SnsiVugDyGV1MvspQFVlA07nDC7Zul7kcwH5jWN3JiTcp/ySE83AIJo8yfKjg==",
        "dependencies": {
          "Microsoft.Extensions.Primitives": "7.0.0"
        }
      },
      "Microsoft.Extensions.Caching.Memory": {
        "type": "Transitive",
        "resolved": "7.0.0",
        "contentHash": "xpidBs2KCE2gw1JrD0quHE72kvCaI3xFql5/Peb2GRtUuZX+dYPoK/NTdVMiM67Svym0M0Df9A3xyU0FbMQhHw==",
        "dependencies": {
          "Microsoft.Extensions.Caching.Abstractions": "7.0.0",
          "Microsoft.Extensions.DependencyInjection.Abstractions": "7.0.0",
          "Microsoft.Extensions.Logging.Abstractions": "7.0.0",
          "Microsoft.Extensions.Options": "7.0.0",
          "Microsoft.Extensions.Primitives": "7.0.0"
        }
      },
      "Microsoft.Extensions.Configuration.Abstractions": {
        "type": "Transitive",
        "resolved": "8.0.0-rc.1.23419.4",
        "contentHash": "tY5wKwXNZ6cBeyHxvxyLy57TxUaA6H82/vW8vTTmikG9bkfRzfyS0EEDloiPzL4ln8P+3aZxeAestjPC6942Kg==",
        "dependencies": {
          "Microsoft.Extensions.Primitives": "8.0.0-rc.1.23419.4"
        }
      },
      "Microsoft.Extensions.Configuration.Binder": {
        "type": "Transitive",
        "resolved": "8.0.0-rc.1.23419.4",
        "contentHash": "npSDU7QSVdMjIFasVVBygHTaSd3H6rJD9zBXb6tcmAO8D7chkCJ2MarAYVKDICT5I9Hfawxv7FitJFAgNVIn3w==",
        "dependencies": {
          "Microsoft.Extensions.Configuration.Abstractions": "8.0.0-rc.1.23419.4"
        }
      },
      "Microsoft.Extensions.Configuration.CommandLine": {
        "type": "Transitive",
        "resolved": "8.0.0-rc.1.23419.4",
        "contentHash": "7EZAAJxdgtbmrJ7/O7qNr9cae7UQRP36Eby8zFZw/5KxDrGCraAh5iaMUTSZQanOQgvi7a6Bkc9CY/ybszCc7Q==",
        "dependencies": {
          "Microsoft.Extensions.Configuration": "8.0.0-rc.1.23419.4",
          "Microsoft.Extensions.Configuration.Abstractions": "8.0.0-rc.1.23419.4"
        }
      },
      "Microsoft.Extensions.Configuration.EnvironmentVariables": {
        "type": "Transitive",
        "resolved": "8.0.0-rc.1.23419.4",
        "contentHash": "B91gFsJMXAJJyeSd7bSA1TEuR730+PN/2w6uFK7OEE+9T9wAjq5RYfkZqBbmG9pQFfig9t0wsR0mT6Qku5CvHA==",
        "dependencies": {
          "Microsoft.Extensions.Configuration": "8.0.0-rc.1.23419.4",
          "Microsoft.Extensions.Configuration.Abstractions": "8.0.0-rc.1.23419.4"
        }
      },
      "Microsoft.Extensions.Configuration.FileExtensions": {
        "type": "Transitive",
        "resolved": "8.0.0-rc.1.23419.4",
        "contentHash": "iYaN5hpzacJBmpod90Nlj0NSjNRzOiyctALo5PHFsFQz1p/M9ON+1q5ksbNsLf1+A8klxETo7NeGZd1gGYoJNA==",
        "dependencies": {
          "Microsoft.Extensions.Configuration": "8.0.0-rc.1.23419.4",
          "Microsoft.Extensions.Configuration.Abstractions": "8.0.0-rc.1.23419.4",
          "Microsoft.Extensions.FileProviders.Abstractions": "8.0.0-rc.1.23419.4",
          "Microsoft.Extensions.FileProviders.Physical": "8.0.0-rc.1.23419.4",
          "Microsoft.Extensions.Primitives": "8.0.0-rc.1.23419.4"
        }
      },
      "Microsoft.Extensions.Configuration.Json": {
        "type": "Transitive",
        "resolved": "8.0.0-rc.1.23419.4",
        "contentHash": "Ar58GHIQuWQgi7LG3bRheAjA8gRCZCvONm3AUMbeQN0tsljv5eimXvSVzaObz/qVOceXR2LKBLzlbo94aGmQPA==",
        "dependencies": {
          "Microsoft.Extensions.Configuration": "8.0.0-rc.1.23419.4",
          "Microsoft.Extensions.Configuration.Abstractions": "8.0.0-rc.1.23419.4",
          "Microsoft.Extensions.Configuration.FileExtensions": "8.0.0-rc.1.23419.4",
          "Microsoft.Extensions.FileProviders.Abstractions": "8.0.0-rc.1.23419.4",
          "System.Text.Json": "8.0.0-rc.1.23419.4"
        }
      },
      "Microsoft.Extensions.Configuration.UserSecrets": {
        "type": "Transitive",
        "resolved": "8.0.0-rc.1.23419.4",
        "contentHash": "nakciMVBLK+J3xl5Z+PZBfxdWgFUNzSc1VR0g8HBrF5Pjg1S9Dq3SnvNR+cF5YjE8dDWLlr+pQiY/lM/PTNsEQ==",
        "dependencies": {
          "Microsoft.Extensions.Configuration.Abstractions": "8.0.0-rc.1.23419.4",
          "Microsoft.Extensions.Configuration.Json": "8.0.0-rc.1.23419.4",
          "Microsoft.Extensions.FileProviders.Abstractions": "8.0.0-rc.1.23419.4",
          "Microsoft.Extensions.FileProviders.Physical": "8.0.0-rc.1.23419.4"
        }
      },
      "Microsoft.Extensions.DependencyInjection": {
        "type": "Transitive",
        "resolved": "8.0.0-rc.1.23419.4",
        "contentHash": "q1M8U8Qhf0siOpZ0PRB7jZR8Um+Pnm4HgCL81hYDtIunWJmlqEGKjGWg/gl140K9imZUqLkePSVVQGlP7/Xo+A==",
        "dependencies": {
          "Microsoft.Extensions.DependencyInjection.Abstractions": "8.0.0-rc.1.23419.4"
        }
      },
      "Microsoft.Extensions.DependencyInjection.Abstractions": {
        "type": "Transitive",
        "resolved": "8.0.0-rc.1.23419.4",
        "contentHash": "SAv6AcbXKzvBq4kQAU5S9sW3ZOV7j4qLjqT+Iw6CLgqsSCgoJhmVvadtr8PUWaRfj4uVT9CX5V3zIojehtMq8w=="
      },
      "Microsoft.Extensions.DependencyModel": {
        "type": "Transitive",
        "resolved": "7.0.0",
        "contentHash": "oONNYd71J3LzkWc4fUHl3SvMfiQMYUCo/mDHDEu76hYYxdhdrPYv6fvGv9nnKVyhE9P0h20AU8RZB5OOWQcAXg==",
        "dependencies": {
          "System.Text.Encodings.Web": "7.0.0",
          "System.Text.Json": "7.0.0"
        }
      },
      "Microsoft.Extensions.Diagnostics": {
        "type": "Transitive",
        "resolved": "8.0.0-rc.1.23419.4",
        "contentHash": "RqerNpeQoixriNPi2RPxJWu9V6ljz3u/M9lCzwLsYtNqLKUzO3K838C8NU2uDFg0SviJyuMV1JG0RG+c9Hdglw==",
        "dependencies": {
          "Microsoft.Extensions.Configuration": "8.0.0-rc.1.23419.4",
          "Microsoft.Extensions.Diagnostics.Abstractions": "8.0.0-rc.1.23419.4",
          "Microsoft.Extensions.Options.ConfigurationExtensions": "8.0.0-rc.1.23419.4"
        }
      },
      "Microsoft.Extensions.Diagnostics.Abstractions": {
        "type": "Transitive",
        "resolved": "8.0.0-rc.1.23419.4",
        "contentHash": "ukvKfK+sgwReTEsbP3hCuXUWOCaqH7HCXGTXfqAyl6IvSJVZHWpTZAFHELcNbSz4hdAzG/8QY/4JxU5xNQOzlA==",
        "dependencies": {
          "Microsoft.Extensions.DependencyInjection.Abstractions": "8.0.0-rc.1.23419.4",
          "Microsoft.Extensions.Options": "8.0.0-rc.1.23419.4",
          "System.Diagnostics.DiagnosticSource": "8.0.0-rc.1.23419.4"
        }
      },
      "Microsoft.Extensions.Diagnostics.HealthChecks": {
        "type": "Transitive",
        "resolved": "7.0.9",
        "contentHash": "ubVLIa7GbGZrC7OWcMuFo/GJRYdVvqyMj7M4JFgWobXgh4QT2km40T46zLlXJfQWH68mh+g4iBJeg7VN3pldJA==",
        "dependencies": {
          "Microsoft.Extensions.Diagnostics.HealthChecks.Abstractions": "7.0.9",
          "Microsoft.Extensions.Hosting.Abstractions": "7.0.0",
          "Microsoft.Extensions.Logging.Abstractions": "7.0.1",
          "Microsoft.Extensions.Options": "7.0.1"
        }
      },
      "Microsoft.Extensions.Diagnostics.HealthChecks.Abstractions": {
        "type": "Transitive",
        "resolved": "7.0.9",
        "contentHash": "myuiz5s14NEWffeiRH94GM1W9PkPyU/TLWCPjEIJ+Tck6QwRV89KHNwlJ+ZebRMlMTd64hwECybjLp1vIS4gTA=="
      },
      "Microsoft.Extensions.FileProviders.Abstractions": {
        "type": "Transitive",
        "resolved": "8.0.0-rc.1.23419.4",
        "contentHash": "yFiU9oAF+abTk1gjMLrPRmzhz+ZJc0Q4S7NvK9EtzS0Sm1J8DcbzsRUi6r8eufvtmbGzk5KNPcpOo8ffAD9p0A==",
        "dependencies": {
          "Microsoft.Extensions.Primitives": "8.0.0-rc.1.23419.4"
        }
      },
      "Microsoft.Extensions.FileProviders.Physical": {
        "type": "Transitive",
        "resolved": "8.0.0-rc.1.23419.4",
        "contentHash": "z1ZzRTbiQ5L/fNhzTvziNBHPXRAsduSL+TUxV0aLhULchD7n7xzgVb6BL0NS8+VHL1LKdwkukD6lfGRFXrYQnA==",
        "dependencies": {
          "Microsoft.Extensions.FileProviders.Abstractions": "8.0.0-rc.1.23419.4",
          "Microsoft.Extensions.FileSystemGlobbing": "8.0.0-rc.1.23419.4",
          "Microsoft.Extensions.Primitives": "8.0.0-rc.1.23419.4"
        }
      },
      "Microsoft.Extensions.FileSystemGlobbing": {
        "type": "Transitive",
        "resolved": "8.0.0-rc.1.23419.4",
        "contentHash": "xlgxd2WH5CPc+vEVKoYr+0hA7+++FNdwrxfPnnF7jIULfAOOZgS3E66rfBhjIT6ewEa1rLIFiiXevP4ejm8nnQ=="
      },
      "Microsoft.Extensions.Hosting.Abstractions": {
        "type": "Transitive",
        "resolved": "8.0.0-rc.1.23419.4",
        "contentHash": "LUnBLb61QGng4AnnaBadF8Pwaadkr8jAR3ElhqmIJDnIzChAnCFv9/ha8nx3OQGYhkJcVcqF0gWNsWV9gNzp8g==",
        "dependencies": {
          "Microsoft.Extensions.Configuration.Abstractions": "8.0.0-rc.1.23419.4",
          "Microsoft.Extensions.DependencyInjection.Abstractions": "8.0.0-rc.1.23419.4",
          "Microsoft.Extensions.Diagnostics.Abstractions": "8.0.0-rc.1.23419.4",
          "Microsoft.Extensions.FileProviders.Abstractions": "8.0.0-rc.1.23419.4",
          "Microsoft.Extensions.Logging.Abstractions": "8.0.0-rc.1.23419.4"
        }
      },
      "Microsoft.Extensions.Logging.Abstractions": {
        "type": "Transitive",
        "resolved": "8.0.0-rc.1.23419.4",
        "contentHash": "jphvzZmIDCEwl5PkxegeiO0y+zeMRg92QtY0weVFy8tH9ySgb2EwX85B78H0FYTFixFApRlmsh/pEdEs+VKbZA==",
        "dependencies": {
          "Microsoft.Extensions.DependencyInjection.Abstractions": "8.0.0-rc.1.23419.4"
        }
      },
      "Microsoft.Extensions.Logging.Configuration": {
        "type": "Transitive",
        "resolved": "8.0.0-rc.1.23419.4",
        "contentHash": "oH+bw1sz2aK4EfcOshAJecd7cxNYmVhS+nz4UdFUEBm/DEEs5u9x0+pgIpWiNVH85p4Xf9quJY6OJiH9lDMtnA==",
        "dependencies": {
          "Microsoft.Extensions.Configuration": "8.0.0-rc.1.23419.4",
          "Microsoft.Extensions.Configuration.Abstractions": "8.0.0-rc.1.23419.4",
          "Microsoft.Extensions.Configuration.Binder": "8.0.0-rc.1.23419.4",
          "Microsoft.Extensions.DependencyInjection.Abstractions": "8.0.0-rc.1.23419.4",
          "Microsoft.Extensions.Logging": "8.0.0-rc.1.23419.4",
          "Microsoft.Extensions.Logging.Abstractions": "8.0.0-rc.1.23419.4",
          "Microsoft.Extensions.Options": "8.0.0-rc.1.23419.4",
          "Microsoft.Extensions.Options.ConfigurationExtensions": "8.0.0-rc.1.23419.4"
        }
      },
      "Microsoft.Extensions.Logging.Console": {
        "type": "Transitive",
        "resolved": "8.0.0-rc.1.23419.4",
        "contentHash": "Igf8bVBKMECRe8Zzju3x8FokuiHcKq82KNSx/sPyEBGXGykJqZZps1R7aIOKU0rkqlt1C4rHYfvCurBgud3u5w==",
        "dependencies": {
          "Microsoft.Extensions.DependencyInjection.Abstractions": "8.0.0-rc.1.23419.4",
          "Microsoft.Extensions.Logging": "8.0.0-rc.1.23419.4",
          "Microsoft.Extensions.Logging.Abstractions": "8.0.0-rc.1.23419.4",
          "Microsoft.Extensions.Logging.Configuration": "8.0.0-rc.1.23419.4",
          "Microsoft.Extensions.Options": "8.0.0-rc.1.23419.4",
          "System.Text.Json": "8.0.0-rc.1.23419.4"
        }
      },
      "Microsoft.Extensions.Logging.Debug": {
        "type": "Transitive",
        "resolved": "8.0.0-rc.1.23419.4",
        "contentHash": "8bJsbRfyimnE4jukyg1AjiATfxuHx8QVECRfjGMulLEvQyOLQkyQxNwDfNKf7yxfyY7NHmfgw6z4tNnX+IGwWQ==",
        "dependencies": {
          "Microsoft.Extensions.DependencyInjection.Abstractions": "8.0.0-rc.1.23419.4",
          "Microsoft.Extensions.Logging": "8.0.0-rc.1.23419.4",
          "Microsoft.Extensions.Logging.Abstractions": "8.0.0-rc.1.23419.4"
        }
      },
      "Microsoft.Extensions.Logging.EventLog": {
        "type": "Transitive",
        "resolved": "8.0.0-rc.1.23419.4",
        "contentHash": "4o2+1AFRlUxSdE2tSL5LOKgvA6/tzLF/Nv6xYm8BcPEfsEHweCMR0xIozPAg254Zq4VpyBj3LNnxjJXfySniWw==",
        "dependencies": {
          "Microsoft.Extensions.DependencyInjection.Abstractions": "8.0.0-rc.1.23419.4",
          "Microsoft.Extensions.Logging": "8.0.0-rc.1.23419.4",
          "Microsoft.Extensions.Logging.Abstractions": "8.0.0-rc.1.23419.4",
          "Microsoft.Extensions.Options": "8.0.0-rc.1.23419.4",
          "System.Diagnostics.EventLog": "8.0.0-rc.1.23419.4"
        }
      },
      "Microsoft.Extensions.Logging.EventSource": {
        "type": "Transitive",
        "resolved": "8.0.0-rc.1.23419.4",
        "contentHash": "hFQiL2vvRuooRXMsZuO5lnCuG0rNYb0jUv6SHpVzMDGtCXU8R5EU1HgnmNMMY3pd1RtSWTLycKmThn5s0hFQew==",
        "dependencies": {
          "Microsoft.Extensions.DependencyInjection.Abstractions": "8.0.0-rc.1.23419.4",
          "Microsoft.Extensions.Logging": "8.0.0-rc.1.23419.4",
          "Microsoft.Extensions.Logging.Abstractions": "8.0.0-rc.1.23419.4",
          "Microsoft.Extensions.Options": "8.0.0-rc.1.23419.4",
          "Microsoft.Extensions.Primitives": "8.0.0-rc.1.23419.4",
          "System.Text.Json": "8.0.0-rc.1.23419.4"
        }
      },
      "Microsoft.Extensions.Options": {
        "type": "Transitive",
        "resolved": "8.0.0-rc.1.23419.4",
        "contentHash": "fsKycFyh/aX7Vs9o/gOH+XBWRh5VB4iwV6xHZdvN9kDvJfBhCm2IQ/E+xaWa5KtX7tXOx0hclZ8ihK97ab3mPQ==",
        "dependencies": {
          "Microsoft.Extensions.DependencyInjection.Abstractions": "8.0.0-rc.1.23419.4",
          "Microsoft.Extensions.Primitives": "8.0.0-rc.1.23419.4"
        }
      },
      "Microsoft.Extensions.Options.ConfigurationExtensions": {
        "type": "Transitive",
        "resolved": "8.0.0-rc.1.23419.4",
        "contentHash": "7y1Ob1fZniZnTGeuurHjGAXmW0+reI4MUOZxR3Dyvu9htNSkGsrsICY2f0bIev1D+pQrFwNg/+yUOpvc46/jkg==",
        "dependencies": {
          "Microsoft.Extensions.Configuration.Abstractions": "8.0.0-rc.1.23419.4",
          "Microsoft.Extensions.Configuration.Binder": "8.0.0-rc.1.23419.4",
          "Microsoft.Extensions.DependencyInjection.Abstractions": "8.0.0-rc.1.23419.4",
          "Microsoft.Extensions.Options": "8.0.0-rc.1.23419.4",
          "Microsoft.Extensions.Primitives": "8.0.0-rc.1.23419.4"
        }
      },
      "Microsoft.Extensions.Primitives": {
        "type": "Transitive",
        "resolved": "8.0.0-rc.1.23419.4",
        "contentHash": "zyoB4zblhvpylS9VOmKyBuGH+RjKDsfi0cTB2KRPPDD6tFinpP+vGr3dictaNYLhGUg6jaBmq+2H/WZMCnvGDQ=="
      },
      "Microsoft.OpenApi": {
        "type": "Transitive",
        "resolved": "1.2.3",
        "contentHash": "Nug3rO+7Kl5/SBAadzSMAVgqDlfGjJZ0GenQrLywJ84XGKO0uRqkunz5Wyl0SDwcR71bAATXvSdbdzPrYRYKGw=="
      },
      "Npgsql": {
        "type": "Transitive",
        "resolved": "7.0.6",
        "contentHash": "TAqvwRnm3NJ0QvN7cvu6geJkbI0XPzGVRElVY5hF4gsgA+BnE12x6GM1TLhdeq+7ZKvvo3BD8jXKnXmr3tvdEw==",
        "dependencies": {
          "Microsoft.Extensions.Logging.Abstractions": "6.0.0"
        }
      },
      "OpenTelemetry": {
        "type": "Transitive",
        "resolved": "1.6.0",
        "contentHash": "bTvLk9YIg0nUDb6K+f8mJkMK8b7sfGEyD0Zmg6ckD7kDCkBq1Hk1KjqlA/jEsypJIVnyclP0CGDcOELGYXGpAA==",
        "dependencies": {
          "Microsoft.Extensions.Logging.Configuration": "3.1.0",
          "OpenTelemetry.Api.ProviderBuilderExtensions": "1.6.0"
        }
      },
      "OpenTelemetry.Api": {
        "type": "Transitive",
        "resolved": "1.6.0",
        "contentHash": "LTF4PB6UicJlgrBBg0rblAMyJJLMAVBujg8T9pGPQsl1vVgPNZoJNTLadhC3ZdYUzuKsvYLS31vT0/wl97JtEw==",
        "dependencies": {
          "System.Diagnostics.DiagnosticSource": "7.0.2"
        }
      },
      "OpenTelemetry.Api.ProviderBuilderExtensions": {
        "type": "Transitive",
        "resolved": "1.6.0",
        "contentHash": "k8lqUAxjXkCV6yKdXfCbxsHMh5x7F7q8lAKm61rP/iP3EJPG1XhOy3j9nyubBYCm/xqlIy4ugWcqY1Inxolozw==",
        "dependencies": {
          "Microsoft.Extensions.DependencyInjection.Abstractions": "3.1.0",
          "OpenTelemetry.Api": "1.6.0"
        }
      },
      "Swashbuckle.AspNetCore.SwaggerGen": {
        "type": "Transitive",
        "resolved": "6.5.0",
        "contentHash": "Y/qW8Qdg9OEs7V013tt+94OdPxbRdbhcEbw4NiwGvf4YBcfhL/y7qp/Mjv/cENsQ2L3NqJ2AOu94weBy/h4KvA==",
        "dependencies": {
          "Swashbuckle.AspNetCore.Swagger": "6.5.0"
        }
      },
      "System.Diagnostics.DiagnosticSource": {
        "type": "Transitive",
        "resolved": "8.0.0-rc.1.23419.4",
        "contentHash": "hdyhGAFW9nXz+UfN8XxW4iTzyef03BsIXc6AqLNbDcqw63343di6XFGFSYJ8Rh+yHlZazrGTt6keQ2GDh9avmg=="
      },
      "System.Diagnostics.EventLog": {
        "type": "Transitive",
        "resolved": "8.0.0-rc.1.23419.4",
        "contentHash": "3o0qExLJUt8QFmyn3zQv1WovGlX1JpmBEtKWhtcrX75WH57xg3Y4GWQQT4BACDdpXpllvVB9Io0RswYeONOV3Q=="
      },
      "System.Text.Encodings.Web": {
        "type": "Transitive",
        "resolved": "8.0.0-rc.1.23419.4",
        "contentHash": "p7x+hBP1/7bC+KXeFARIUP00MHbm796rWB8iqO8Ag2ML6SB13qbs3240nvdHwA3vLpVEOMCFhrbJoJf81QDMiw=="
      },
      "System.Threading.Tasks.Extensions": {
        "type": "Transitive",
        "resolved": "4.5.4",
        "contentHash": "zteT+G8xuGu6mS+mzDzYXbzS7rd3K6Fjb9RiZlYlJPam2/hU7JCBZBVEcywNuR+oZ1ncTvc/cq0faRr3P01OVg=="
      },
      "catalog": {
        "type": "Project",
        "dependencies": {
          "EFCore.NamingConventions": "[7.0.2, )",
          "FlexLabs.EntityFrameworkCore.Upsert": "[7.0.0, )",
          "Mediator.Abstractions": "[2.1.7, )",
          "Microsoft.Extensions.Hosting": "[8.0.0-rc.1.23419.4, )",
          "Npgsql.EntityFrameworkCore.PostgreSQL": "[7.0.11, )",
          "OneOf": "[3.0.263, )",
          "OneOf.SourceGenerator": "[3.0.263, )",
          "System.Linq.Async": "[6.0.1, )"
        }
      },
      "hosting": {
        "type": "Project",
        "dependencies": {
          "AspNetCore.HealthChecks.UI.Client": "[7.1.0, )"
        }
      },
      "telemetry": {
        "type": "Project",
        "dependencies": {
          "Microsoft.Extensions.Hosting": "[8.0.0-rc.1.23419.4, )",
          "OpenTelemetry.Exporter.Console": "[1.6.0, )",
          "OpenTelemetry.Exporter.OpenTelemetryProtocol": "[1.6.0, )",
          "OpenTelemetry.Extensions": "[1.0.0-beta.4, )",
          "OpenTelemetry.Extensions.Hosting": "[1.6.0, )",
          "OpenTelemetry.Instrumentation.AspNetCore": "[1.5.1-beta.1, )"
        }
      },
      "AspNetCore.HealthChecks.UI.Client": {
        "type": "CentralTransitive",
        "requested": "[7.1.0, )",
        "resolved": "7.1.0",
        "contentHash": "f7Z0Xw2C7mvL49/vtTpgn1ZLJPycBqpCPr7DVINaoeNdJ01aQ37JFfodxqA0KLxp+fGiIdLs9+ktbiSBfiMdRQ==",
        "dependencies": {
          "AspNetCore.HealthChecks.UI.Core": "7.0.0",
          "Microsoft.Extensions.Diagnostics.HealthChecks": "7.0.9"
        }
      },
      "EFCore.NamingConventions": {
        "type": "CentralTransitive",
        "requested": "[7.0.2, )",
        "resolved": "7.0.2",
        "contentHash": "zJz6+YohdMHBFwi54RyH4bWMVTV6qHhIkGl7TWDyVE7HfOxM0gCux9cDg8yCTmG2ie99yY8XYlIaTGl/TNMnnQ==",
        "dependencies": {
          "Microsoft.EntityFrameworkCore": "[7.0.2, 8.0.0)",
          "Microsoft.EntityFrameworkCore.Relational": "[7.0.2, 8.0.0)",
          "Microsoft.Extensions.DependencyInjection.Abstractions": "7.0.0"
        }
      },
      "FlexLabs.EntityFrameworkCore.Upsert": {
        "type": "CentralTransitive",
        "requested": "[7.0.0, )",
        "resolved": "7.0.0",
        "contentHash": "cblLAKnAuJjxzP9vsQlHyz9DNzlOuI6zJpDF6pYdmKJ9JK3ko1K9XY8HuCa8hITqh7CvhZsxYfcGjhWbokK1ZA==",
        "dependencies": {
          "Microsoft.EntityFrameworkCore.Relational": "7.0.0"
        }
      },
      "Mediator.Abstractions": {
        "type": "CentralTransitive",
        "requested": "[2.1.7, )",
        "resolved": "2.1.7",
        "contentHash": "93GWsxuikSVSGvWeNwkMecMXjUYURNyNj978FTnH7PhC3hrGh8mERNkxRNWIvLj7k0nnrnsQxixEQ0NxRXNkow==",
        "dependencies": {
          "Microsoft.Extensions.DependencyInjection.Abstractions": "6.0.0",
          "System.Threading.Tasks.Extensions": "4.5.4"
        }
      },
      "Microsoft.Extensions.Configuration": {
        "type": "CentralTransitive",
        "requested": "[8.0.0-rc.1.23419.4, )",
        "resolved": "8.0.0-rc.1.23419.4",
        "contentHash": "NoIBM0qnZrl5o3em/5Qx4T3HcDruKdDVvm4PsG/wiuWawtwHRqaqkFjPS66lPnu1Kgzv+D1JJd+r4C5wPxXErw==",
        "dependencies": {
          "Microsoft.Extensions.Configuration.Abstractions": "8.0.0-rc.1.23419.4",
          "Microsoft.Extensions.Primitives": "8.0.0-rc.1.23419.4"
        }
      },
      "Microsoft.Extensions.Hosting": {
        "type": "CentralTransitive",
        "requested": "[8.0.0-rc.1.23419.4, )",
        "resolved": "8.0.0-rc.1.23419.4",
        "contentHash": "dpu8uPlnBePUHJHZImBhErDh5nySMCsz/86YEGQfgyiolJxRP7fxq2wsGduzYIj6BNKbPF5Waby6F7sMsbIPRQ==",
        "dependencies": {
          "Microsoft.Extensions.Configuration": "8.0.0-rc.1.23419.4",
          "Microsoft.Extensions.Configuration.Abstractions": "8.0.0-rc.1.23419.4",
          "Microsoft.Extensions.Configuration.Binder": "8.0.0-rc.1.23419.4",
          "Microsoft.Extensions.Configuration.CommandLine": "8.0.0-rc.1.23419.4",
          "Microsoft.Extensions.Configuration.EnvironmentVariables": "8.0.0-rc.1.23419.4",
          "Microsoft.Extensions.Configuration.FileExtensions": "8.0.0-rc.1.23419.4",
          "Microsoft.Extensions.Configuration.Json": "8.0.0-rc.1.23419.4",
          "Microsoft.Extensions.Configuration.UserSecrets": "8.0.0-rc.1.23419.4",
          "Microsoft.Extensions.DependencyInjection": "8.0.0-rc.1.23419.4",
          "Microsoft.Extensions.DependencyInjection.Abstractions": "8.0.0-rc.1.23419.4",
          "Microsoft.Extensions.Diagnostics": "8.0.0-rc.1.23419.4",
          "Microsoft.Extensions.FileProviders.Abstractions": "8.0.0-rc.1.23419.4",
          "Microsoft.Extensions.FileProviders.Physical": "8.0.0-rc.1.23419.4",
          "Microsoft.Extensions.Hosting.Abstractions": "8.0.0-rc.1.23419.4",
          "Microsoft.Extensions.Logging": "8.0.0-rc.1.23419.4",
          "Microsoft.Extensions.Logging.Abstractions": "8.0.0-rc.1.23419.4",
          "Microsoft.Extensions.Logging.Configuration": "8.0.0-rc.1.23419.4",
          "Microsoft.Extensions.Logging.Console": "8.0.0-rc.1.23419.4",
          "Microsoft.Extensions.Logging.Debug": "8.0.0-rc.1.23419.4",
          "Microsoft.Extensions.Logging.EventLog": "8.0.0-rc.1.23419.4",
          "Microsoft.Extensions.Logging.EventSource": "8.0.0-rc.1.23419.4",
          "Microsoft.Extensions.Options": "8.0.0-rc.1.23419.4"
        }
      },
      "Microsoft.Extensions.Logging": {
        "type": "CentralTransitive",
        "requested": "[8.0.0-rc.1.23419.4, )",
        "resolved": "8.0.0-rc.1.23419.4",
        "contentHash": "n39LJSx0Mpl89hhT0DWTyPyGv/z60/Ygp0b4ZE1zNy9R8O42PrsK+XFdiaKtCnpOPezX2Jq07dFyZzpCqmIvzw==",
        "dependencies": {
          "Microsoft.Extensions.DependencyInjection": "8.0.0-rc.1.23419.4",
          "Microsoft.Extensions.Logging.Abstractions": "8.0.0-rc.1.23419.4",
          "Microsoft.Extensions.Options": "8.0.0-rc.1.23419.4"
        }
      },
      "Npgsql.EntityFrameworkCore.PostgreSQL": {
        "type": "CentralTransitive",
        "requested": "[7.0.11, )",
        "resolved": "7.0.11",
        "contentHash": "cHEgEz0ldXc9wVANs8sJqC+3eilqefrkasCBgaVT0tyj8tb1p3/pwy2ngjboNkDG3M0z+xJsJ4jC5p8wySAM3w==",
        "dependencies": {
          "Microsoft.EntityFrameworkCore": "[7.0.11, 8.0.0)",
          "Microsoft.EntityFrameworkCore.Abstractions": "[7.0.11, 8.0.0)",
          "Microsoft.EntityFrameworkCore.Relational": "[7.0.11, 8.0.0)",
          "Npgsql": "7.0.6"
        }
      },
      "OneOf": {
        "type": "CentralTransitive",
        "requested": "[3.0.263, )",
        "resolved": "3.0.263",
        "contentHash": "2xXFnUxkAA0rJ2sJz9FPeW/gzJIBvyj+xIvfTIkz42pz9JlcYse4/rwRnkmCsYxw6osy1whnBO6Ox6HBKEqDMw=="
      },
      "OneOf.SourceGenerator": {
        "type": "CentralTransitive",
        "requested": "[3.0.263, )",
        "resolved": "3.0.263",
        "contentHash": "GxgryFHS0Te/Oq0ZBxCXInNefR6tELQcP5g2WUmgoeXALPrvMss8xWyBFyzS2ucLRpQa7pV+ZXhqO+7NPVxtoQ=="
      },
      "OpenTelemetry.Exporter.Console": {
        "type": "CentralTransitive",
        "requested": "[1.6.0, )",
        "resolved": "1.6.0",
        "contentHash": "M7icDNHjLRllgi6n3xlFEkBSQaPNnG1cwKm74RNUNT56XTmggHACmuiOxpqBXPchjOQNwsUS7We9fEz3ul97zg==",
        "dependencies": {
          "OpenTelemetry": "1.6.0",
          "System.Text.Encodings.Web": "4.7.2",
          "System.Text.Json": "4.7.2"
        }
      },
      "OpenTelemetry.Exporter.OpenTelemetryProtocol": {
        "type": "CentralTransitive",
        "requested": "[1.6.0, )",
        "resolved": "1.6.0",
        "contentHash": "Xfb4ouRSerQe8Kgg6JBHMaPnjD7cPzdPIk4df6JDLO8G/S0K7uTMngw5qbVm88cqGs0p+YcQTg6FvXMQ6kL/dw==",
        "dependencies": {
          "Google.Protobuf": "[3.19.4, 4.0.0)",
          "Grpc.Net.Client": "[2.52.0, 3.0.0)",
          "OpenTelemetry": "1.6.0"
        }
      },
      "OpenTelemetry.Extensions": {
        "type": "CentralTransitive",
        "requested": "[1.0.0-beta.4, )",
        "resolved": "1.0.0-beta.4",
        "contentHash": "yGqJ7MloFplJEa3UXeEOsvNiilbgIu9YfD4ekANC7I4wANTJVEj6HTh0m1A9/0KkJQHDPixs0wf/Ke2+2SpLng==",
        "dependencies": {
          "OpenTelemetry": "[1.4.0, 2.0.0)"
        }
      },
      "OpenTelemetry.Extensions.Hosting": {
        "type": "CentralTransitive",
        "requested": "[1.6.0, )",
        "resolved": "1.6.0",
        "contentHash": "Bu9biIlX1mLOtHiXYJ+IJJ2AfuiXcUjswxo5FD+pV+V+miRS0AtJrnZoWzlL2ATVY0QlVbSBJFDULPbgb0vylw==",
        "dependencies": {
          "Microsoft.Extensions.Hosting.Abstractions": "2.1.0",
          "OpenTelemetry": "1.6.0"
        }
      },
      "OpenTelemetry.Instrumentation.AspNetCore": {
        "type": "CentralTransitive",
        "requested": "[1.5.1-beta.1, )",
        "resolved": "1.5.1-beta.1",
        "contentHash": "szyjWK0GdA0hFfxjdBykYsgrXv6NVTu5HDxIgQOcZMqWu6hyikKDMcP+hYC3rD2mJbIdvjEdhEyZOb84sCevHA==",
        "dependencies": {
          "OpenTelemetry": "1.5.1"
        }
      },
      "Swashbuckle.AspNetCore.Swagger": {
        "type": "CentralTransitive",
        "requested": "[6.5.0, )",
        "resolved": "6.5.0",
        "contentHash": "XWmCmqyFmoItXKFsQSwQbEAsjDKcxlNf1l+/Ki42hcb6LjKL8m5Db69OTvz5vLonMSRntYO1XLqz0OP+n3vKnA==",
        "dependencies": {
          "Microsoft.OpenApi": "1.2.3"
        }
      },
      "Swashbuckle.AspNetCore.SwaggerUI": {
        "type": "CentralTransitive",
        "requested": "[6.5.0, )",
        "resolved": "6.5.0",
        "contentHash": "OvbvxX+wL8skxTBttcBsVxdh73Fag4xwqEU2edh4JMn7Ws/xJHnY/JB1e9RoCb6XpDxUF3hD9A0Z1lEUx40Pfw=="
      },
      "System.Linq.Async": {
        "type": "CentralTransitive",
        "requested": "[6.0.1, )",
        "resolved": "6.0.1",
        "contentHash": "0YhHcaroWpQ9UCot3Pizah7ryAzQhNvobLMSxeDIGmnXfkQn8u5owvpOH0K6EVB+z9L7u6Cc4W17Br/+jyttEQ==",
        "dependencies": {
          "Microsoft.Bcl.AsyncInterfaces": "6.0.0"
        }
      },
      "System.Memory": {
        "type": "CentralTransitive",
        "requested": "[4.5.5, )",
        "resolved": "4.5.5",
        "contentHash": "XIWiDvKPXaTveaB7HVganDlOCRoj03l+jrwNvcge/t8vhGYKvqV+dMv6G4SAX2NoNmN0wZfVPTAlFwZcZvVOUw=="
      },
      "System.Text.Json": {
        "type": "CentralTransitive",
        "requested": "[8.0.0-rc.1.23419.4, )",
        "resolved": "8.0.0-rc.1.23419.4",
        "contentHash": "sXFoiHIhz/E5iQin+3oAyBvDww8eYjO0c1vZAico4X6Bbwezjl0Z32lmm4zXgUQ0ol/fl27OSEqWIw+ykWYWHg==",
        "dependencies": {
          "System.Text.Encodings.Web": "8.0.0-rc.1.23419.4"
        }
      }
    }
  }
}