{
  "version": 2,
  "dependencies": {
    "net8.0": {
      "FastEndpoints": {
        "type": "Direct",
        "requested": "[5.24.0, )",
        "resolved": "5.24.0",
        "contentHash": "pxhIXkLaA7dc6RDHQ/4eaGMULtDtYAv/lujkvgH05atrgaq4l0kjpFvZoP7abPTa9lT4hdZu5SjvO4U7sdG1MQ==",
        "dependencies": {
          "FastEndpoints.Attributes": "5.24.0",
          "FastEndpoints.Messaging.Core": "5.24.0",
          "FluentValidation": "11.9.0"
        }
      },
      "FastEndpoints.Security": {
        "type": "Direct",
        "requested": "[5.24.0, )",
        "resolved": "5.24.0",
        "contentHash": "UW8l+yOHr1fstBqXfAvK86GiVTrS8LMH3DSZ52u2qgpTBRkGJ/mFSVrIP/Zd3FAe4qUhmIUbqCefHKT9BeqZMA==",
        "dependencies": {
          "FastEndpoints": "5.24.0",
          "Microsoft.AspNetCore.Authentication.JwtBearer": "8.0.3"
        }
      },
      "FastEndpoints.Swagger": {
        "type": "Direct",
        "requested": "[5.24.0, )",
        "resolved": "5.24.0",
        "contentHash": "xHtv5gsslJK+yx7yMel21ppk11TkxIWQvX7+44tvcF/O8W9O4ETDyNA11y47bjwMG+wiDD1ny42bJ8/a0B1oIw==",
        "dependencies": {
          "FastEndpoints": "5.24.0",
          "NSwag.AspNetCore": "14.0.7"
        }
      },
      "OpenTelemetry.Instrumentation.StackExchangeRedis": {
        "type": "Direct",
        "requested": "[1.0.0-rc9.14, )",
        "resolved": "1.0.0-rc9.14",
        "contentHash": "UIDA/xCo+Op0V+96qnMz9COGELsMAA1oXh1C7fSHDJa/SUU5I0gJven/btSz6fOvYcHIORhGd7pLM7xb8nI4xg==",
        "dependencies": {
          "Microsoft.Extensions.Options": "3.1.0",
          "OpenTelemetry.Api.ProviderBuilderExtensions": "[1.8.0, 2.0.0)",
          "StackExchange.Redis": "[2.1.58, 3.0.0)",
          "System.Reflection.Emit.Lightweight": "4.7.0"
        }
      },
      "AspNetCore.HealthChecks.UI.Core": {
        "type": "Transitive",
        "resolved": "8.0.1",
        "contentHash": "Vn00MOJ1I0HSqyP7Bt9v0pr0AIgbrXMjL/KFwW+sRwLRogOtep8BWGimd8XYRCbCDLrAi7VSArU02f6pEIw69w==",
        "dependencies": {
          "Microsoft.Extensions.DependencyInjection.Abstractions": "8.0.0",
          "Microsoft.Extensions.Diagnostics.HealthChecks": "8.0.0"
        }
      },
      "EasyNetQ": {
        "type": "Transitive",
        "resolved": "7.8.0",
        "contentHash": "Qo+OoVkQMsN/LU/0QtKZF+bt8W0G5gd3OUibxluWQhWA2bqmapS9R+Hvb3hpQ5JV+TaiJyxM43ZkmnhOLm9r0g==",
        "dependencies": {
          "RabbitMQ.Client": "6.8.1"
        }
      },
      "FastEndpoints.Attributes": {
        "type": "Transitive",
        "resolved": "5.24.0",
        "contentHash": "jNg9h90NfUwU+jYQOyNoAXlNEwYri0GYli1S5ws4NXpw8ccGzY0xoeCAzcw49qk5IGetcUcsJaMrpAgvOM1VxA=="
      },
      "FastEndpoints.Messaging.Core": {
        "type": "Transitive",
        "resolved": "5.24.0",
        "contentHash": "zidNegKx+5WNmNva5qyyG5XTCutucBxOqlYltFVIvC0PaN1jgpu435T6QkiBdAoz0ny+19hVwFt1tRM5yvChYQ=="
      },
      "FluentValidation": {
        "type": "Transitive",
        "resolved": "11.9.0",
        "contentHash": "VneVlTvwYDkfHV5av3QrQ0amALgrLX6LV94wlYyEsh0B/klJBW7C8y2eAtj5tOZ3jH6CAVpr4s1ZGgew/QWyig=="
      },
      "Google.Protobuf": {
        "type": "Transitive",
        "resolved": "3.22.5",
        "contentHash": "tTMtDZPbLxJew8pk7NBdqhLqC4OipfkZdwPuCEUNr2AoDo1siUGcxFqJK0wDewTL8ge5Cjrb16CToMPxBUHMGA=="
      },
      "Grpc.Core.Api": {
        "type": "Transitive",
        "resolved": "2.52.0",
        "contentHash": "SQiPyBczG4vKPmI6Fd+O58GcxxDSFr6nfRAJuBDUNj+PgdokhjWJvZE/La1c09AkL2FVm/jrDloG89nkzmVF7A==",
        "dependencies": {
          "System.Memory": "4.5.3"
        }
      },
      "Grpc.Net.Client": {
        "type": "Transitive",
        "resolved": "2.52.0",
        "contentHash": "hWVH9g/Nnjz40ni//2S8UIOyEmhueQREoZIkD0zKHEPqLxXcNlbp4eebXIOicZtkwDSx0TFz9NpkbecEDn6rBw==",
        "dependencies": {
          "Grpc.Net.Common": "2.52.0",
          "Microsoft.Extensions.Logging.Abstractions": "3.0.3"
        }
      },
      "Grpc.Net.Common": {
        "type": "Transitive",
        "resolved": "2.52.0",
        "contentHash": "di9qzpdx525IxumZdYmu6sG2y/gXJyYeZ1ruFUzB9BJ1nj4kU1/dTAioNCMt1VLRvNVDqh8S8B1oBdKhHJ4xRg==",
        "dependencies": {
          "Grpc.Core.Api": "2.52.0"
        }
      },
      "MemoryPack.Core": {
        "type": "Transitive",
        "resolved": "1.21.1",
        "contentHash": "ekQ4rrlC9Tq/DwmK01oTlMQoyJyUtX4QVzfrLrp/9F39AeK1G3dqLJvOCdDttAUYMxoBrDSsK4tQlNaTiWVitA=="
      },
      "MemoryPack.Generator": {
        "type": "Transitive",
        "resolved": "1.21.1",
        "contentHash": "kin3y4wUfzognJB2L8yVLekugeyFxsEWiqgsUcTWEMFumGHuklBtltI7AVdHcUNSFvycC98xdCNG8GauHfxv4Q=="
      },
      "Microsoft.AspNetCore.Authentication.JwtBearer": {
        "type": "Transitive",
        "resolved": "8.0.3",
        "contentHash": "VsDy8R6/0ushSpUow7m4lB82ovVBnI1e2AtPo1z22pzYzUjqY9QJvaexzqMkwmI3K1CVdT6MweXiWoqCcHrJbA==",
        "dependencies": {
          "Microsoft.IdentityModel.Protocols.OpenIdConnect": "7.1.2"
        }
      },
      "Microsoft.Bcl.AsyncInterfaces": {
        "type": "Transitive",
        "resolved": "6.0.0",
        "contentHash": "UcSjPsst+DfAdJGVDsu346FX0ci0ah+lw3WRtn18NUwEqRt70HaOQ7lI72vy3+1LxtqI3T5GWwV39rQSrCzAeg=="
      },
      "Microsoft.CSharp": {
        "type": "Transitive",
        "resolved": "4.3.0",
        "contentHash": "P+MBhIM0YX+JqROuf7i306ZLJEjQYA9uUyRDE+OqwUI5sh41e2ZbPQV3LfAPh+29cmceE1pUffXsGfR4eMY3KA==",
        "dependencies": {
          "System.Collections": "4.3.0",
          "System.Diagnostics.Debug": "4.3.0",
          "System.Dynamic.Runtime": "4.3.0",
          "System.Globalization": "4.3.0",
          "System.Linq": "4.3.0",
          "System.Linq.Expressions": "4.3.0",
          "System.ObjectModel": "4.3.0",
          "System.Reflection": "4.3.0",
          "System.Reflection.Extensions": "4.3.0",
          "System.Reflection.Primitives": "4.3.0",
          "System.Reflection.TypeExtensions": "4.3.0",
          "System.Resources.ResourceManager": "4.3.0",
          "System.Runtime": "4.3.0",
          "System.Runtime.Extensions": "4.3.0",
          "System.Runtime.InteropServices": "4.3.0",
          "System.Threading": "4.3.0"
        }
      },
      "Microsoft.Extensions.ApiDescription.Server": {
        "type": "Transitive",
        "resolved": "6.0.3",
        "contentHash": "/FkS66n3wJaUR+Grkg+dMMIyrfmfkEybNoyOhdBMURxavPx6Q1Kn7NY5Ho41s975gpXA9Pnw7WRJbxwICLFgbw=="
      },
      "Microsoft.Extensions.Configuration.Abstractions": {
        "type": "Transitive",
        "resolved": "8.0.0",
        "contentHash": "3lE/iLSutpgX1CC0NOW70FJoGARRHbyKmG7dc0klnUZ9Dd9hS6N/POPWhKhMLCEuNN5nXEY5agmlFtH562vqhQ==",
        "dependencies": {
          "Microsoft.Extensions.Primitives": "8.0.0"
        }
      },
      "Microsoft.Extensions.Configuration.Binder": {
        "type": "Transitive",
        "resolved": "8.0.1",
        "contentHash": "2UKFJnLiBt7Od6nCnTqP9rTIUNhzmn9Hv1l2FchyKbz8xieB9ULwZTbQZMw+M24Qw3F5dzzH1U9PPleN0LNLOQ==",
        "dependencies": {
          "Microsoft.Extensions.Configuration.Abstractions": "8.0.0"
        }
      },
      "Microsoft.Extensions.Configuration.CommandLine": {
        "type": "Transitive",
        "resolved": "8.0.0",
        "contentHash": "NZuZMz3Q8Z780nKX3ifV1fE7lS+6pynDHK71OfU4OZ1ItgvDOhyOC7E6z+JMZrAj63zRpwbdldYFk499t3+1dQ==",
        "dependencies": {
          "Microsoft.Extensions.Configuration": "8.0.0",
          "Microsoft.Extensions.Configuration.Abstractions": "8.0.0"
        }
      },
      "Microsoft.Extensions.Configuration.EnvironmentVariables": {
        "type": "Transitive",
        "resolved": "8.0.0",
        "contentHash": "plvZ0ZIpq+97gdPNNvhwvrEZ92kNml9hd1pe3idMA7svR0PztdzVLkoWLcRFgySYXUJc3kSM3Xw3mNFMo/bxRA==",
        "dependencies": {
          "Microsoft.Extensions.Configuration": "8.0.0",
          "Microsoft.Extensions.Configuration.Abstractions": "8.0.0"
        }
      },
      "Microsoft.Extensions.Configuration.FileExtensions": {
        "type": "Transitive",
        "resolved": "8.0.0",
        "contentHash": "McP+Lz/EKwvtCv48z0YImw+L1gi1gy5rHhNaNIY2CrjloV+XY8gydT8DjMR6zWeL13AFK+DioVpppwAuO1Gi1w==",
        "dependencies": {
          "Microsoft.Extensions.Configuration": "8.0.0",
          "Microsoft.Extensions.Configuration.Abstractions": "8.0.0",
          "Microsoft.Extensions.FileProviders.Abstractions": "8.0.0",
          "Microsoft.Extensions.FileProviders.Physical": "8.0.0",
          "Microsoft.Extensions.Primitives": "8.0.0"
        }
      },
      "Microsoft.Extensions.Configuration.Json": {
        "type": "Transitive",
        "resolved": "8.0.0",
        "contentHash": "C2wqUoh9OmRL1akaCcKSTmRU8z0kckfImG7zLNI8uyi47Lp+zd5LWAD17waPQEqCz3ioWOCrFUo+JJuoeZLOBw==",
        "dependencies": {
          "Microsoft.Extensions.Configuration": "8.0.0",
          "Microsoft.Extensions.Configuration.Abstractions": "8.0.0",
          "Microsoft.Extensions.Configuration.FileExtensions": "8.0.0",
          "Microsoft.Extensions.FileProviders.Abstractions": "8.0.0",
          "System.Text.Json": "8.0.0"
        }
      },
      "Microsoft.Extensions.Configuration.UserSecrets": {
        "type": "Transitive",
        "resolved": "8.0.0",
        "contentHash": "ihDHu2dJYQird9pl2CbdwuNDfvCZdOS0S7SPlNfhPt0B81UTT+yyZKz2pimFZGUp3AfuBRnqUCxB2SjsZKHVUw==",
        "dependencies": {
          "Microsoft.Extensions.Configuration.Abstractions": "8.0.0",
          "Microsoft.Extensions.Configuration.Json": "8.0.0",
          "Microsoft.Extensions.FileProviders.Abstractions": "8.0.0",
          "Microsoft.Extensions.FileProviders.Physical": "8.0.0"
        }
      },
      "Microsoft.Extensions.DependencyInjection": {
        "type": "Transitive",
        "resolved": "8.0.0",
        "contentHash": "V8S3bsm50ig6JSyrbcJJ8bW2b9QLGouz+G1miK3UTaOWmMtFwNNNzUf4AleyDWUmTrWMLNnFSLEQtxmxgNQnNQ==",
        "dependencies": {
          "Microsoft.Extensions.DependencyInjection.Abstractions": "8.0.0"
        }
      },
      "Microsoft.Extensions.DependencyInjection.Abstractions": {
        "type": "Transitive",
        "resolved": "8.0.0",
        "contentHash": "cjWrLkJXK0rs4zofsK4bSdg+jhDLTaxrkXu4gS6Y7MAlCvRyNNgwY/lJi5RDlQOnSZweHqoyvgvbdvQsRIW+hg=="
      },
      "Microsoft.Extensions.Diagnostics": {
        "type": "Transitive",
        "resolved": "8.0.0",
        "contentHash": "3PZp/YSkIXrF7QK7PfC1bkyRYwqOHpWFad8Qx+4wkuumAeXo1NHaxpS9LboNA9OvNSAu+QOVlXbMyoY+pHSqcw==",
        "dependencies": {
          "Microsoft.Extensions.Configuration": "8.0.0",
          "Microsoft.Extensions.Diagnostics.Abstractions": "8.0.0",
          "Microsoft.Extensions.Options.ConfigurationExtensions": "8.0.0"
        }
      },
      "Microsoft.Extensions.Diagnostics.Abstractions": {
        "type": "Transitive",
        "resolved": "8.0.0",
        "contentHash": "JHYCQG7HmugNYUhOl368g+NMxYE/N/AiclCYRNlgCY9eVyiBkOHMwK4x60RYMxv9EL3+rmj1mqHvdCiPpC+D4Q==",
        "dependencies": {
          "Microsoft.Extensions.DependencyInjection.Abstractions": "8.0.0",
          "Microsoft.Extensions.Options": "8.0.0",
          "System.Diagnostics.DiagnosticSource": "8.0.0"
        }
      },
      "Microsoft.Extensions.Diagnostics.HealthChecks": {
        "type": "Transitive",
        "resolved": "8.0.0",
        "contentHash": "P9SoBuVZhJPpALZmSq72aQEb9ryP67EdquaCZGXGrrcASTNHYdrUhnpgSwIipgM5oVC+dKpRXg5zxobmF9xr5g==",
        "dependencies": {
          "Microsoft.Extensions.Diagnostics.HealthChecks.Abstractions": "8.0.0",
          "Microsoft.Extensions.Hosting.Abstractions": "8.0.0",
          "Microsoft.Extensions.Logging.Abstractions": "8.0.0",
          "Microsoft.Extensions.Options": "8.0.0"
        }
      },
      "Microsoft.Extensions.Diagnostics.HealthChecks.Abstractions": {
        "type": "Transitive",
        "resolved": "8.0.0",
        "contentHash": "AT2qqos3IgI09ok36Qag9T8bb6kHJ3uT9Q5ki6CySybFsK6/9JbvQAgAHf1pVEjST0/N4JaFaCbm40R5edffwg=="
      },
      "Microsoft.Extensions.FileProviders.Abstractions": {
        "type": "Transitive",
        "resolved": "8.0.0",
        "contentHash": "ZbaMlhJlpisjuWbvXr4LdAst/1XxH3vZ6A0BsgTphZ2L4PGuxRLz7Jr/S7mkAAnOn78Vu0fKhEgNF5JO3zfjqQ==",
        "dependencies": {
          "Microsoft.Extensions.Primitives": "8.0.0"
        }
      },
      "Microsoft.Extensions.FileProviders.Embedded": {
        "type": "Transitive",
        "resolved": "8.0.0",
        "contentHash": "TuRh62KcoOvaSDCbtHT8K0WYptZysYQHPRRNfOgqF7ZUtUL4O0WMV8RdxbtDFJDsg3jv9bgHwXbrgwTeI9+5uQ==",
        "dependencies": {
          "Microsoft.Extensions.FileProviders.Abstractions": "8.0.0"
        }
      },
      "Microsoft.Extensions.FileProviders.Physical": {
        "type": "Transitive",
        "resolved": "8.0.0",
        "contentHash": "UboiXxpPUpwulHvIAVE36Knq0VSHaAmfrFkegLyBZeaADuKezJ/AIXYAW8F5GBlGk/VaibN2k/Zn1ca8YAfVdA==",
        "dependencies": {
          "Microsoft.Extensions.FileProviders.Abstractions": "8.0.0",
          "Microsoft.Extensions.FileSystemGlobbing": "8.0.0",
          "Microsoft.Extensions.Primitives": "8.0.0"
        }
      },
      "Microsoft.Extensions.FileSystemGlobbing": {
        "type": "Transitive",
        "resolved": "8.0.0",
        "contentHash": "OK+670i7esqlQrPjdIKRbsyMCe9g5kSLpRRQGSr4Q58AOYEe/hCnfLZprh7viNisSUUQZmMrbbuDaIrP+V1ebQ=="
      },
      "Microsoft.Extensions.Hosting.Abstractions": {
        "type": "Transitive",
        "resolved": "8.0.0",
        "contentHash": "AG7HWwVRdCHlaA++1oKDxLsXIBxmDpMPb3VoyOoAghEWnkUvEAdYQUwnV4jJbAaa/nMYNiEh5ByoLauZBEiovg==",
        "dependencies": {
          "Microsoft.Extensions.Configuration.Abstractions": "8.0.0",
          "Microsoft.Extensions.DependencyInjection.Abstractions": "8.0.0",
          "Microsoft.Extensions.Diagnostics.Abstractions": "8.0.0",
          "Microsoft.Extensions.FileProviders.Abstractions": "8.0.0",
          "Microsoft.Extensions.Logging.Abstractions": "8.0.0"
        }
      },
      "Microsoft.Extensions.Logging.Abstractions": {
        "type": "Transitive",
        "resolved": "8.0.0",
        "contentHash": "arDBqTgFCyS0EvRV7O3MZturChstm50OJ0y9bDJvAcmEPJm0FFpFyjU/JLYyStNGGey081DvnQYlncNX5SJJGA==",
        "dependencies": {
          "Microsoft.Extensions.DependencyInjection.Abstractions": "8.0.0"
        }
      },
      "Microsoft.Extensions.Logging.Configuration": {
        "type": "Transitive",
        "resolved": "8.0.0",
        "contentHash": "ixXXV0G/12g6MXK65TLngYN9V5hQQRuV+fZi882WIoVJT7h5JvoYoxTEwCgdqwLjSneqh1O+66gM8sMr9z/rsQ==",
        "dependencies": {
          "Microsoft.Extensions.Configuration": "8.0.0",
          "Microsoft.Extensions.Configuration.Abstractions": "8.0.0",
          "Microsoft.Extensions.Configuration.Binder": "8.0.0",
          "Microsoft.Extensions.DependencyInjection.Abstractions": "8.0.0",
          "Microsoft.Extensions.Logging": "8.0.0",
          "Microsoft.Extensions.Logging.Abstractions": "8.0.0",
          "Microsoft.Extensions.Options": "8.0.0",
          "Microsoft.Extensions.Options.ConfigurationExtensions": "8.0.0"
        }
      },
      "Microsoft.Extensions.Logging.Console": {
        "type": "Transitive",
        "resolved": "8.0.0",
        "contentHash": "e+48o7DztoYog+PY430lPxrM4mm3PbA6qucvQtUDDwVo4MO+ejMw7YGc/o2rnxbxj4isPxdfKFzTxvXMwAz83A==",
        "dependencies": {
          "Microsoft.Extensions.DependencyInjection.Abstractions": "8.0.0",
          "Microsoft.Extensions.Logging": "8.0.0",
          "Microsoft.Extensions.Logging.Abstractions": "8.0.0",
          "Microsoft.Extensions.Logging.Configuration": "8.0.0",
          "Microsoft.Extensions.Options": "8.0.0",
          "System.Text.Json": "8.0.0"
        }
      },
      "Microsoft.Extensions.Logging.Debug": {
        "type": "Transitive",
        "resolved": "8.0.0",
        "contentHash": "dt0x21qBdudHLW/bjMJpkixv858RRr8eSomgVbU8qljOyfrfDGi1JQvpF9w8S7ziRPtRKisuWaOwFxJM82GxeA==",
        "dependencies": {
          "Microsoft.Extensions.DependencyInjection.Abstractions": "8.0.0",
          "Microsoft.Extensions.Logging": "8.0.0",
          "Microsoft.Extensions.Logging.Abstractions": "8.0.0"
        }
      },
      "Microsoft.Extensions.Logging.EventLog": {
        "type": "Transitive",
        "resolved": "8.0.0",
        "contentHash": "3X9D3sl7EmOu7vQp5MJrmIJBl5XSdOhZPYXUeFfYa6Nnm9+tok8x3t3IVPLhm7UJtPOU61ohFchw8rNm9tIYOQ==",
        "dependencies": {
          "Microsoft.Extensions.DependencyInjection.Abstractions": "8.0.0",
          "Microsoft.Extensions.Logging": "8.0.0",
          "Microsoft.Extensions.Logging.Abstractions": "8.0.0",
          "Microsoft.Extensions.Options": "8.0.0",
          "System.Diagnostics.EventLog": "8.0.0"
        }
      },
      "Microsoft.Extensions.Logging.EventSource": {
        "type": "Transitive",
        "resolved": "8.0.0",
        "contentHash": "oKcPMrw+luz2DUAKhwFXrmFikZWnyc8l2RKoQwqU3KIZZjcfoJE0zRHAnqATfhRZhtcbjl/QkiY2Xjxp0xu+6w==",
        "dependencies": {
          "Microsoft.Extensions.DependencyInjection.Abstractions": "8.0.0",
          "Microsoft.Extensions.Logging": "8.0.0",
          "Microsoft.Extensions.Logging.Abstractions": "8.0.0",
          "Microsoft.Extensions.Options": "8.0.0",
          "Microsoft.Extensions.Primitives": "8.0.0",
          "System.Text.Json": "8.0.0"
        }
      },
      "Microsoft.Extensions.Options": {
        "type": "Transitive",
        "resolved": "8.0.0",
        "contentHash": "JOVOfqpnqlVLUzINQ2fox8evY2SKLYJ3BV8QDe/Jyp21u1T7r45x/R/5QdteURMR5r01GxeJSBBUOCOyaNXA3g==",
        "dependencies": {
          "Microsoft.Extensions.DependencyInjection.Abstractions": "8.0.0",
          "Microsoft.Extensions.Primitives": "8.0.0"
        }
      },
      "Microsoft.Extensions.Options.ConfigurationExtensions": {
        "type": "Transitive",
        "resolved": "8.0.0",
        "contentHash": "0f4DMRqEd50zQh+UyJc+/HiBsZ3vhAQALgdkcQEalSH1L2isdC7Yj54M3cyo5e+BeO5fcBQ7Dxly8XiBBcvRgw==",
        "dependencies": {
          "Microsoft.Extensions.Configuration.Abstractions": "8.0.0",
          "Microsoft.Extensions.Configuration.Binder": "8.0.0",
          "Microsoft.Extensions.DependencyInjection.Abstractions": "8.0.0",
          "Microsoft.Extensions.Options": "8.0.0",
          "Microsoft.Extensions.Primitives": "8.0.0"
        }
      },
      "Microsoft.Extensions.Primitives": {
        "type": "Transitive",
        "resolved": "8.0.0",
        "contentHash": "bXJEZrW9ny8vjMF1JV253WeLhpEVzFo1lyaZu1vQ4ZxWUlVvknZ/+ftFgVheLubb4eZPSwwxBeqS1JkCOjxd8g=="
      },
      "Microsoft.IdentityModel.Abstractions": {
        "type": "Transitive",
        "resolved": "7.1.2",
        "contentHash": "33eTIA2uO/L9utJjZWbKsMSVsQf7F8vtd6q5mQX7ZJzNvCpci5fleD6AeANGlbbb7WX7XKxq9+Dkb5e3GNDrmQ=="
      },
      "Microsoft.IdentityModel.JsonWebTokens": {
        "type": "Transitive",
        "resolved": "7.1.2",
        "contentHash": "cloLGeZolXbCJhJBc5OC05uhrdhdPL6MWHuVUnkkUvPDeK7HkwThBaLZ1XjBQVk9YhxXE2OvHXnKi0PLleXxDg==",
        "dependencies": {
          "Microsoft.IdentityModel.Tokens": "7.1.2"
        }
      },
      "Microsoft.IdentityModel.Logging": {
        "type": "Transitive",
        "resolved": "7.1.2",
        "contentHash": "YCxBt2EeJP8fcXk9desChkWI+0vFqFLvBwrz5hBMsoh0KJE6BC66DnzkdzkJNqMltLromc52dkdT206jJ38cTw==",
        "dependencies": {
          "Microsoft.IdentityModel.Abstractions": "7.1.2"
        }
      },
      "Microsoft.IdentityModel.Protocols": {
        "type": "Transitive",
        "resolved": "7.1.2",
        "contentHash": "SydLwMRFx6EHPWJ+N6+MVaoArN1Htt92b935O3RUWPY1yUF63zEjvd3lBu79eWdZUwedP8TN2I5V9T3nackvIQ==",
        "dependencies": {
          "Microsoft.IdentityModel.Logging": "7.1.2",
          "Microsoft.IdentityModel.Tokens": "7.1.2"
        }
      },
      "Microsoft.IdentityModel.Protocols.OpenIdConnect": {
        "type": "Transitive",
        "resolved": "7.1.2",
        "contentHash": "6lHQoLXhnMQ42mGrfDkzbIOR3rzKM1W1tgTeMPLgLCqwwGw0d96xFi/UiX/fYsu7d6cD5MJiL3+4HuI8VU+sVQ==",
        "dependencies": {
          "Microsoft.IdentityModel.Protocols": "7.1.2",
          "System.IdentityModel.Tokens.Jwt": "7.1.2"
        }
      },
      "Microsoft.IdentityModel.Tokens": {
        "type": "Transitive",
        "resolved": "7.1.2",
        "contentHash": "oICJMqr3aNEDZOwnH5SK49bR6Z4aX0zEAnOLuhloumOSuqnNq+GWBdQyrgILnlcT5xj09xKCP/7Y7gJYB+ls/g==",
        "dependencies": {
          "Microsoft.IdentityModel.Logging": "7.1.2"
        }
      },
      "Microsoft.NETCore.Platforms": {
        "type": "Transitive",
        "resolved": "1.1.0",
        "contentHash": "kz0PEW2lhqygehI/d6XsPCQzD7ff7gUJaVGPVETX611eadGsA3A877GdSlU0LRVMCTH/+P3o2iDTak+S08V2+A=="
      },
      "Microsoft.NETCore.Targets": {
        "type": "Transitive",
        "resolved": "1.1.0",
        "contentHash": "aOZA3BWfz9RXjpzt0sRJJMjAscAUm3Hoa4UWAfceV9UTYxgwZ1lZt5nO2myFf+/jetYQo4uTP7zS8sJY67BBxg=="
      },
      "Namotion.Reflection": {
        "type": "Transitive",
        "resolved": "3.1.1",
        "contentHash": "Qn0wM7u9TpSpja2x8UVexr2bLHb1DGMNhD2TCz3woklxaY1oH+Sitrw9fg/4YbNoNtczeH2jf+yPdXMQlgvFlQ==",
        "dependencies": {
          "Microsoft.CSharp": "4.3.0"
        }
      },
      "NJsonSchema": {
        "type": "Transitive",
        "resolved": "11.0.0",
        "contentHash": "yJviNfW8U8+ACJO0VyiNuNIDGoRDZO5awNfjL1+6iO7TVI5pfjun+ZBVsv1hLga/IVlhnUPpMj8VuhQAYfXD/A==",
        "dependencies": {
          "NJsonSchema.Annotations": "11.0.0",
          "Namotion.Reflection": "3.1.1",
          "Newtonsoft.Json": "13.0.3"
        }
      },
      "NJsonSchema.Annotations": {
        "type": "Transitive",
        "resolved": "11.0.0",
        "contentHash": "kbUrZfspa+Y5Kz0OaRbLQxLtVydWFvkY1CpwfKmravZXG2icphuYHR58EwBZuCQWJb/BL81PGP4FjpDNBFnn6Q=="
      },
      "NJsonSchema.NewtonsoftJson": {
        "type": "Transitive",
        "resolved": "11.0.0",
        "contentHash": "MCugHG7dyQhfwgY1NIaCZNFQzTYwmQpfwm15bksG/Ng1H8up/4DxxH1M9fDtV5xqYBrWGjMRSmTokGr9wwLCPg==",
        "dependencies": {
          "NJsonSchema": "11.0.0",
          "Newtonsoft.Json": "13.0.3"
        }
      },
      "NJsonSchema.Yaml": {
        "type": "Transitive",
        "resolved": "11.0.0",
        "contentHash": "riCNrkN2YOVYyvvJjtc7zdIYXQT6/l7FMe0XFGH5rfxWN4/Iy/T60+ZzketAIMhzqn65WPmFZ3NUJ1nGtGCrMw==",
        "dependencies": {
          "NJsonSchema": "11.0.0",
          "YamlDotNet": "13.7.1"
        }
      },
      "NSwag.Annotations": {
        "type": "Transitive",
        "resolved": "14.0.7",
        "contentHash": "eSuuWtX9rb40LPl4srrw4u1KUdc5uKAoTDbQE4wVl1sjx6ErVAjkFEkFiuzb5cE2jvvXI5OrsH1s83mB74KyUA=="
      },
      "NSwag.AspNetCore": {
        "type": "Transitive",
        "resolved": "14.0.7",
        "contentHash": "Y6AMEb0diVTsxwc4LKSa6DLFX5tSbne79I/IWn5lYCzOp6dp2b9KbqQKzHXmc7X5Ux1xE7yCPLI5CVVft03SDg==",
        "dependencies": {
          "Microsoft.Extensions.ApiDescription.Server": "6.0.3",
          "Microsoft.Extensions.FileProviders.Embedded": "8.0.0",
          "NSwag.Annotations": "14.0.7",
          "NSwag.Core": "14.0.7",
          "NSwag.Core.Yaml": "14.0.7",
          "NSwag.Generation": "14.0.7",
          "NSwag.Generation.AspNetCore": "14.0.7"
        }
      },
      "NSwag.Core": {
        "type": "Transitive",
        "resolved": "14.0.7",
        "contentHash": "cY76rHGo4Whmxwk4yxdNiuiH2l09egC+m8690KVqOHIH+FpHpJB3S18vNhF700DwigiwuFj6tmy4YMZFuGIzgw==",
        "dependencies": {
          "NJsonSchema": "11.0.0"
        }
      },
      "NSwag.Core.Yaml": {
        "type": "Transitive",
        "resolved": "14.0.7",
        "contentHash": "N18UgPPzaVPiJdBiLzJhUi7ezzEQZqL552TkMJlnWdJVvlSC2XuVGsvDf9O5PBnoPx0qhqjfsiothNcuKuGaSQ==",
        "dependencies": {
          "NJsonSchema.Yaml": "11.0.0",
          "NSwag.Core": "14.0.7"
        }
      },
      "NSwag.Generation": {
        "type": "Transitive",
        "resolved": "14.0.7",
        "contentHash": "8C5vwhDLk2j5WXfEAYiIYQ9DHx8qAUcqBhizcR+9DJj+KSqYOUGOz8BILIBjMJOEnO4LEJTANbBLU1gh2HBhoQ==",
        "dependencies": {
          "NJsonSchema.NewtonsoftJson": "11.0.0",
          "NSwag.Core": "14.0.7"
        }
      },
      "NSwag.Generation.AspNetCore": {
        "type": "Transitive",
        "resolved": "14.0.7",
        "contentHash": "j2sJxTyeTmp8xD/YeW6D8U0Y5hea9ruAlL8XV4GWJHJzx0D9tp4MV1ZhJCvXUfdXV5Dnu+bkOxaY4SQWa+Un8Q==",
        "dependencies": {
          "Microsoft.Extensions.DependencyInjection.Abstractions": "8.0.0",
          "Microsoft.Extensions.Options": "8.0.0",
          "NSwag.Generation": "14.0.7"
        }
      },
      "OpenTelemetry": {
        "type": "Transitive",
        "resolved": "1.8.1",
        "contentHash": "70pb4YyPJnoV3vZOxpusEzBqgY6NyLwyruhas5d3bUO10GnldRWGE8DF4UusbinxnTLOpSmNzsaOb5R1v+Mt0g==",
        "dependencies": {
          "Microsoft.Extensions.Diagnostics.Abstractions": "8.0.0",
          "Microsoft.Extensions.Logging.Configuration": "8.0.0",
          "OpenTelemetry.Api.ProviderBuilderExtensions": "1.8.1"
        }
      },
      "OpenTelemetry.Api": {
        "type": "Transitive",
        "resolved": "1.8.1",
        "contentHash": "QCwCJp/ndXzlTBiTJjcpkpi4tntv1qSRJMXv0YNKcptE/FRMufiIA7IWTegS7C1/r3YQQwGiwdHARcZcS41JMw==",
        "dependencies": {
          "System.Diagnostics.DiagnosticSource": "8.0.0"
        }
      },
      "OpenTelemetry.Api.ProviderBuilderExtensions": {
        "type": "Transitive",
        "resolved": "1.8.1",
        "contentHash": "/M1vkPg2i2UpnHMlV8kFS4ct9O2cg3C+KVgPI/6G/tp99AzwGIvZZv0NswnjKBqis/Lr9Lv2eeF1yvG1KpBP/w==",
        "dependencies": {
          "Microsoft.Extensions.DependencyInjection.Abstractions": "8.0.0",
          "OpenTelemetry.Api": "1.8.1"
        }
      },
      "Pipelines.Sockets.Unofficial": {
        "type": "Transitive",
        "resolved": "2.2.8",
        "contentHash": "zG2FApP5zxSx6OcdJQLbZDk2AVlN2BNQD6MorwIfV6gVj0RRxWPEp2LXAxqDGZqeNV1Zp0BNPcNaey/GXmTdvQ==",
        "dependencies": {
          "System.IO.Pipelines": "5.0.1"
        }
      },
      "RabbitMQ.Client": {
        "type": "Transitive",
        "resolved": "6.8.1",
        "contentHash": "jNsmGgmCNw2S/NzskeN2ijtGywtH4Sk/G6jWUTD5sY9SrC27Xz6BsLIiB8hdsfjeyWCa4j4GvCIGkpE8wrjU1Q==",
        "dependencies": {
          "System.Memory": "4.5.5",
          "System.Threading.Channels": "7.0.0"
        }
      },
      "System.Collections": {
        "type": "Transitive",
        "resolved": "4.3.0",
        "contentHash": "3Dcj85/TBdVpL5Zr+gEEBUuFe2icOnLalmEh9hfck1PTYbbyWuZgh4fmm2ysCLTrqLQw6t3TgTyJ+VLp+Qb+Lw==",
        "dependencies": {
          "Microsoft.NETCore.Platforms": "1.1.0",
          "Microsoft.NETCore.Targets": "1.1.0",
          "System.Runtime": "4.3.0"
        }
      },
      "System.Diagnostics.Debug": {
        "type": "Transitive",
        "resolved": "4.3.0",
        "contentHash": "ZUhUOdqmaG5Jk3Xdb8xi5kIyQYAA4PnTNlHx1mu9ZY3qv4ELIdKbnL/akbGaKi2RnNUWaZsAs31rvzFdewTj2g==",
        "dependencies": {
          "Microsoft.NETCore.Platforms": "1.1.0",
          "Microsoft.NETCore.Targets": "1.1.0",
          "System.Runtime": "4.3.0"
        }
      },
      "System.Diagnostics.DiagnosticSource": {
        "type": "Transitive",
        "resolved": "8.0.0",
        "contentHash": "c9xLpVz6PL9lp/djOWtk5KPDZq3cSYpmXoJQY524EOtuFl5z9ZtsotpsyrDW40U1DRnQSYvcPKEUV0X//u6gkQ=="
      },
      "System.Diagnostics.EventLog": {
        "type": "Transitive",
        "resolved": "8.0.0",
        "contentHash": "fdYxcRjQqTTacKId/2IECojlDSFvp7LP5N78+0z/xH7v/Tuw5ZAxu23Y6PTCRinqyu2ePx+Gn1098NC6jM6d+A=="
      },
      "System.Dynamic.Runtime": {
        "type": "Transitive",
        "resolved": "4.3.0",
        "contentHash": "SNVi1E/vfWUAs/WYKhE9+qlS6KqK0YVhnlT0HQtr8pMIA8YX3lwy3uPMownDwdYISBdmAF/2holEIldVp85Wag==",
        "dependencies": {
          "System.Collections": "4.3.0",
          "System.Diagnostics.Debug": "4.3.0",
          "System.Linq": "4.3.0",
          "System.Linq.Expressions": "4.3.0",
          "System.ObjectModel": "4.3.0",
          "System.Reflection": "4.3.0",
          "System.Reflection.Emit": "4.3.0",
          "System.Reflection.Emit.ILGeneration": "4.3.0",
          "System.Reflection.Primitives": "4.3.0",
          "System.Reflection.TypeExtensions": "4.3.0",
          "System.Resources.ResourceManager": "4.3.0",
          "System.Runtime": "4.3.0",
          "System.Runtime.Extensions": "4.3.0",
          "System.Threading": "4.3.0"
        }
      },
      "System.Globalization": {
        "type": "Transitive",
        "resolved": "4.3.0",
        "contentHash": "kYdVd2f2PAdFGblzFswE4hkNANJBKRmsfa2X5LG2AcWE1c7/4t0pYae1L8vfZ5xvE2nK/R9JprtToA61OSHWIg==",
        "dependencies": {
          "Microsoft.NETCore.Platforms": "1.1.0",
          "Microsoft.NETCore.Targets": "1.1.0",
          "System.Runtime": "4.3.0"
        }
      },
      "System.IdentityModel.Tokens.Jwt": {
        "type": "Transitive",
        "resolved": "7.1.2",
        "contentHash": "Thhbe1peAmtSBFaV/ohtykXiZSOkx59Da44hvtWfIMFofDA3M3LaVyjstACf2rKGn4dEDR2cUpRAZ0Xs/zB+7Q==",
        "dependencies": {
          "Microsoft.IdentityModel.JsonWebTokens": "7.1.2",
          "Microsoft.IdentityModel.Tokens": "7.1.2"
        }
      },
      "System.IO": {
        "type": "Transitive",
        "resolved": "4.3.0",
        "contentHash": "3qjaHvxQPDpSOYICjUoTsmoq5u6QJAFRUITgeT/4gqkF1bajbSmb1kwSxEA8AHlofqgcKJcM8udgieRNhaJ5Cg==",
        "dependencies": {
          "Microsoft.NETCore.Platforms": "1.1.0",
          "Microsoft.NETCore.Targets": "1.1.0",
          "System.Runtime": "4.3.0",
          "System.Text.Encoding": "4.3.0",
          "System.Threading.Tasks": "4.3.0"
        }
      },
      "System.IO.Pipelines": {
        "type": "Transitive",
        "resolved": "5.0.1",
        "contentHash": "qEePWsaq9LoEEIqhbGe6D5J8c9IqQOUuTzzV6wn1POlfdLkJliZY3OlB0j0f17uMWlqZYjH7txj+2YbyrIA8Yg=="
      },
      "System.Linq": {
        "type": "Transitive",
        "resolved": "4.3.0",
        "contentHash": "5DbqIUpsDp0dFftytzuMmc0oeMdQwjcP/EWxsksIz/w1TcFRkZ3yKKz0PqiYFMmEwPSWw+qNVqD7PJ889JzHbw==",
        "dependencies": {
          "System.Collections": "4.3.0",
          "System.Diagnostics.Debug": "4.3.0",
          "System.Resources.ResourceManager": "4.3.0",
          "System.Runtime": "4.3.0",
          "System.Runtime.Extensions": "4.3.0"
        }
      },
      "System.Linq.Expressions": {
        "type": "Transitive",
        "resolved": "4.3.0",
        "contentHash": "PGKkrd2khG4CnlyJwxwwaWWiSiWFNBGlgXvJpeO0xCXrZ89ODrQ6tjEWS/kOqZ8GwEOUATtKtzp1eRgmYNfclg==",
        "dependencies": {
          "System.Collections": "4.3.0",
          "System.Diagnostics.Debug": "4.3.0",
          "System.Globalization": "4.3.0",
          "System.IO": "4.3.0",
          "System.Linq": "4.3.0",
          "System.ObjectModel": "4.3.0",
          "System.Reflection": "4.3.0",
          "System.Reflection.Emit": "4.3.0",
          "System.Reflection.Emit.ILGeneration": "4.3.0",
          "System.Reflection.Emit.Lightweight": "4.3.0",
          "System.Reflection.Extensions": "4.3.0",
          "System.Reflection.Primitives": "4.3.0",
          "System.Reflection.TypeExtensions": "4.3.0",
          "System.Resources.ResourceManager": "4.3.0",
          "System.Runtime": "4.3.0",
          "System.Runtime.Extensions": "4.3.0",
          "System.Threading": "4.3.0"
        }
      },
      "System.ObjectModel": {
        "type": "Transitive",
        "resolved": "4.3.0",
        "contentHash": "bdX+80eKv9bN6K4N+d77OankKHGn6CH711a6fcOpMQu2Fckp/Ft4L/kW9WznHpyR0NRAvJutzOMHNNlBGvxQzQ==",
        "dependencies": {
          "System.Collections": "4.3.0",
          "System.Diagnostics.Debug": "4.3.0",
          "System.Resources.ResourceManager": "4.3.0",
          "System.Runtime": "4.3.0",
          "System.Threading": "4.3.0"
        }
      },
      "System.Reflection": {
        "type": "Transitive",
        "resolved": "4.3.0",
        "contentHash": "KMiAFoW7MfJGa9nDFNcfu+FpEdiHpWgTcS2HdMpDvt9saK3y/G4GwprPyzqjFH9NTaGPQeWNHU+iDlDILj96aQ==",
        "dependencies": {
          "Microsoft.NETCore.Platforms": "1.1.0",
          "Microsoft.NETCore.Targets": "1.1.0",
          "System.IO": "4.3.0",
          "System.Reflection.Primitives": "4.3.0",
          "System.Runtime": "4.3.0"
        }
      },
      "System.Reflection.Emit": {
        "type": "Transitive",
        "resolved": "4.3.0",
        "contentHash": "228FG0jLcIwTVJyz8CLFKueVqQK36ANazUManGaJHkO0icjiIypKW7YLWLIWahyIkdh5M7mV2dJepllLyA1SKg==",
        "dependencies": {
          "System.IO": "4.3.0",
          "System.Reflection": "4.3.0",
          "System.Reflection.Emit.ILGeneration": "4.3.0",
          "System.Reflection.Primitives": "4.3.0",
          "System.Runtime": "4.3.0"
        }
      },
      "System.Reflection.Emit.ILGeneration": {
        "type": "Transitive",
        "resolved": "4.3.0",
        "contentHash": "59tBslAk9733NXLrUJrwNZEzbMAcu8k344OYo+wfSVygcgZ9lgBdGIzH/nrg3LYhXceynyvTc8t5/GD4Ri0/ng==",
        "dependencies": {
          "System.Reflection": "4.3.0",
          "System.Reflection.Primitives": "4.3.0",
          "System.Runtime": "4.3.0"
        }
      },
      "System.Reflection.Emit.Lightweight": {
        "type": "Transitive",
        "resolved": "4.7.0",
        "contentHash": "a4OLB4IITxAXJeV74MDx49Oq2+PsF6Sml54XAFv+2RyWwtDBcabzoxiiJRhdhx+gaohLh4hEGCLQyBozXoQPqA=="
      },
      "System.Reflection.Extensions": {
        "type": "Transitive",
        "resolved": "4.3.0",
        "contentHash": "rJkrJD3kBI5B712aRu4DpSIiHRtr6QlfZSQsb0hYHrDCZORXCFjQfoipo2LaMUHoT9i1B7j7MnfaEKWDFmFQNQ==",
        "dependencies": {
          "Microsoft.NETCore.Platforms": "1.1.0",
          "Microsoft.NETCore.Targets": "1.1.0",
          "System.Reflection": "4.3.0",
          "System.Runtime": "4.3.0"
        }
      },
      "System.Reflection.Primitives": {
        "type": "Transitive",
        "resolved": "4.3.0",
        "contentHash": "5RXItQz5As4xN2/YUDxdpsEkMhvw3e6aNveFXUn4Hl/udNTCNhnKp8lT9fnc3MhvGKh1baak5CovpuQUXHAlIA==",
        "dependencies": {
          "Microsoft.NETCore.Platforms": "1.1.0",
          "Microsoft.NETCore.Targets": "1.1.0",
          "System.Runtime": "4.3.0"
        }
      },
      "System.Reflection.TypeExtensions": {
        "type": "Transitive",
        "resolved": "4.3.0",
        "contentHash": "7u6ulLcZbyxB5Gq0nMkQttcdBTx57ibzw+4IOXEfR+sXYQoHvjW5LTLyNr8O22UIMrqYbchJQJnos4eooYzYJA==",
        "dependencies": {
          "System.Reflection": "4.3.0",
          "System.Runtime": "4.3.0"
        }
      },
      "System.Resources.ResourceManager": {
        "type": "Transitive",
        "resolved": "4.3.0",
        "contentHash": "/zrcPkkWdZmI4F92gL/TPumP98AVDu/Wxr3CSJGQQ+XN6wbRZcyfSKVoPo17ilb3iOr0cCRqJInGwNMolqhS8A==",
        "dependencies": {
          "Microsoft.NETCore.Platforms": "1.1.0",
          "Microsoft.NETCore.Targets": "1.1.0",
          "System.Globalization": "4.3.0",
          "System.Reflection": "4.3.0",
          "System.Runtime": "4.3.0"
        }
      },
      "System.Runtime": {
        "type": "Transitive",
        "resolved": "4.3.0",
        "contentHash": "JufQi0vPQ0xGnAczR13AUFglDyVYt4Kqnz1AZaiKZ5+GICq0/1MH/mO/eAJHt/mHW1zjKBJd7kV26SrxddAhiw==",
        "dependencies": {
          "Microsoft.NETCore.Platforms": "1.1.0",
          "Microsoft.NETCore.Targets": "1.1.0"
        }
      },
      "System.Runtime.Extensions": {
        "type": "Transitive",
        "resolved": "4.3.0",
        "contentHash": "guW0uK0fn5fcJJ1tJVXYd7/1h5F+pea1r7FLSOz/f8vPEqbR2ZAknuRDvTQ8PzAilDveOxNjSfr0CHfIQfFk8g==",
        "dependencies": {
          "Microsoft.NETCore.Platforms": "1.1.0",
          "Microsoft.NETCore.Targets": "1.1.0",
          "System.Runtime": "4.3.0"
        }
      },
      "System.Runtime.Handles": {
        "type": "Transitive",
        "resolved": "4.3.0",
        "contentHash": "OKiSUN7DmTWeYb3l51A7EYaeNMnvxwE249YtZz7yooT4gOZhmTjIn48KgSsw2k2lYdLgTKNJw/ZIfSElwDRVgg==",
        "dependencies": {
          "Microsoft.NETCore.Platforms": "1.1.0",
          "Microsoft.NETCore.Targets": "1.1.0",
          "System.Runtime": "4.3.0"
        }
      },
      "System.Runtime.InteropServices": {
        "type": "Transitive",
        "resolved": "4.3.0",
        "contentHash": "uv1ynXqiMK8mp1GM3jDqPCFN66eJ5w5XNomaK2XD+TuCroNTLFGeZ+WCmBMcBDyTFKou3P6cR6J/QsaqDp7fGQ==",
        "dependencies": {
          "Microsoft.NETCore.Platforms": "1.1.0",
          "Microsoft.NETCore.Targets": "1.1.0",
          "System.Reflection": "4.3.0",
          "System.Reflection.Primitives": "4.3.0",
          "System.Runtime": "4.3.0",
          "System.Runtime.Handles": "4.3.0"
        }
      },
      "System.Text.Encoding": {
        "type": "Transitive",
        "resolved": "4.3.0",
        "contentHash": "BiIg+KWaSDOITze6jGQynxg64naAPtqGHBwDrLaCtixsa5bKiR8dpPOHA7ge3C0JJQizJE+sfkz1wV+BAKAYZw==",
        "dependencies": {
          "Microsoft.NETCore.Platforms": "1.1.0",
          "Microsoft.NETCore.Targets": "1.1.0",
          "System.Runtime": "4.3.0"
        }
      },
      "System.Text.Encodings.Web": {
        "type": "Transitive",
        "resolved": "8.0.0",
        "contentHash": "yev/k9GHAEGx2Rg3/tU6MQh4HGBXJs70y7j1LaM1i/ER9po+6nnQ6RRqTJn1E7Xu0fbIFK80Nh5EoODxrbxwBQ=="
      },
      "System.Threading": {
        "type": "Transitive",
        "resolved": "4.3.0",
        "contentHash": "VkUS0kOBcUf3Wwm0TSbrevDDZ6BlM+b/HRiapRFWjM5O0NS0LviG0glKmFK+hhPDd1XFeSdU1GmlLhb2CoVpIw==",
        "dependencies": {
          "System.Runtime": "4.3.0",
          "System.Threading.Tasks": "4.3.0"
        }
      },
      "System.Threading.Channels": {
        "type": "Transitive",
        "resolved": "7.0.0",
        "contentHash": "qmeeYNROMsONF6ndEZcIQ+VxR4Q/TX/7uIVLJqtwIWL7dDWeh0l1UIqgo4wYyjG//5lUNhwkLDSFl+pAWO6oiA=="
      },
      "System.Threading.Tasks": {
        "type": "Transitive",
        "resolved": "4.3.0",
        "contentHash": "LbSxKEdOUhVe8BezB/9uOGGppt+nZf6e1VFyw6v3DN6lqitm0OSn2uXMOdtP0M3W4iMcqcivm2J6UgqiwwnXiA==",
        "dependencies": {
          "Microsoft.NETCore.Platforms": "1.1.0",
          "Microsoft.NETCore.Targets": "1.1.0",
          "System.Runtime": "4.3.0"
        }
      },
      "System.Threading.Tasks.Extensions": {
        "type": "Transitive",
        "resolved": "4.5.4",
        "contentHash": "zteT+G8xuGu6mS+mzDzYXbzS7rd3K6Fjb9RiZlYlJPam2/hU7JCBZBVEcywNuR+oZ1ncTvc/cq0faRr3P01OVg=="
      },
      "YamlDotNet": {
        "type": "Transitive",
        "resolved": "13.7.1",
        "contentHash": "X4m1PnFcJwvAj1sCDMntg/eZcX96CJLrWMiYnq41KqhFVZPuw63ZTSxIGqgdCwHWHvCAyTxheELC/VDf1HsU2A=="
      },
      "basket": {
        "type": "Project",
        "dependencies": {
          "Mediator.Abstractions": "[2.1.7, )",
          "MemoryPack": "[1.21.1, )",
          "Messaging": "[1.0.0, )",
          "Microsoft.Extensions.Hosting": "[8.0.0, )",
          "OneOf": "[3.0.263, )",
          "OneOf.SourceGenerator": "[3.0.263, )",
          "StackExchange.Redis": "[2.7.33, )"
        }
      },
      "common": {
        "type": "Project"
      },
      "hosting": {
        "type": "Project",
        "dependencies": {
          "AspNetCore.HealthChecks.UI.Client": "[8.0.1, )"
        }
      },
      "messaging": {
        "type": "Project",
        "dependencies": {
          "Common": "[1.0.0, )",
          "EasyNetQ.DI.Microsoft": "[7.8.0, )",
          "EasyNetQ.Logging.Microsoft": "[7.8.0, )",
          "EasyNetQ.Serialization.SystemTextJson": "[7.8.0, )",
          "Microsoft.Extensions.Configuration": "[8.0.0, )",
          "Microsoft.Extensions.Hosting": "[8.0.0, )",
          "OneOf": "[3.0.263, )",
          "OneOf.SourceGenerator": "[3.0.263, )",
          "System.Linq.Async": "[6.0.1, )",
          "Telemetry": "[1.0.0, )"
        }
      },
      "telemetry": {
        "type": "Project",
        "dependencies": {
          "Microsoft.Extensions.Hosting": "[8.0.0, )",
          "OpenTelemetry.Exporter.Console": "[1.8.1, )",
          "OpenTelemetry.Exporter.OpenTelemetryProtocol": "[1.8.1, )",
          "OpenTelemetry.Extensions.Hosting": "[1.8.1, )",
          "OpenTelemetry.Instrumentation.AspNetCore": "[1.8.1, )"
        }
      },
      "AspNetCore.HealthChecks.UI.Client": {
        "type": "CentralTransitive",
        "requested": "[8.0.1, )",
        "resolved": "8.0.1",
        "contentHash": "nhC6KIoB/EtTbH3uGm2J6EHEUyTJuETUARFePbmrnA+zjbwsirzIVUQl46qIjvyPABhK0e7Rk+AxcRqC6zikqA==",
        "dependencies": {
          "AspNetCore.HealthChecks.UI.Core": "8.0.1",
          "Microsoft.Extensions.Diagnostics.HealthChecks": "8.0.0"
        }
      },
      "EasyNetQ.DI.Microsoft": {
        "type": "CentralTransitive",
        "requested": "[7.8.0, )",
        "resolved": "7.8.0",
        "contentHash": "HJx0Q3whYHONHyyXHvvX7upOgW3/irYDdKOxFh1RDzThQo2wRnEM8L5Qd8PzEqrgvj0heVIUlTby4btocy5HcQ==",
        "dependencies": {
          "EasyNetQ": "7.8.0",
          "Microsoft.Extensions.DependencyInjection": "5.0.2"
        }
      },
      "EasyNetQ.Logging.Microsoft": {
        "type": "CentralTransitive",
        "requested": "[7.8.0, )",
        "resolved": "7.8.0",
        "contentHash": "Ft6m2t5wE9Uh5U8pXqMCrwbuRTcUtrMledFayGnxJSCKYHvSmIncY3qMFfENdWaeuInHeLNfqUtG0gqiVcx5pw==",
        "dependencies": {
          "EasyNetQ": "7.8.0",
          "Microsoft.Extensions.Logging.Abstractions": "5.0.0"
        }
      },
      "EasyNetQ.Serialization.SystemTextJson": {
        "type": "CentralTransitive",
        "requested": "[7.8.0, )",
        "resolved": "7.8.0",
        "contentHash": "hAzUKjEWhzLL/nC/qH1y5MPgQvivnp28wmnD7Q4bvOnG0+YceTnu0QYfWo2mtYs6Y9IGNy2hWtb1636/ooKgBg==",
        "dependencies": {
          "EasyNetQ": "7.8.0",
          "System.Text.Json": "6.0.0"
        }
      },
      "Mediator.Abstractions": {
        "type": "CentralTransitive",
        "requested": "[2.1.7, )",
        "resolved": "2.1.7",
        "contentHash": "93GWsxuikSVSGvWeNwkMecMXjUYURNyNj978FTnH7PhC3hrGh8mERNkxRNWIvLj7k0nnrnsQxixEQ0NxRXNkow==",
        "dependencies": {
          "Microsoft.Extensions.DependencyInjection.Abstractions": "6.0.0",
          "System.Threading.Tasks.Extensions": "4.5.4"
        }
      },
      "MemoryPack": {
        "type": "CentralTransitive",
        "requested": "[1.21.1, )",
        "resolved": "1.21.1",
        "contentHash": "ezalanS2gubWk1bS7S7onpU4fff42nr7EneRBOGOXWFC8qFFdmrBF+jznqVzg7buEPRJrSkwoXJFwuiHc1yvIA==",
        "dependencies": {
          "MemoryPack.Core": "1.21.1",
          "MemoryPack.Generator": "1.21.1"
        }
      },
      "Microsoft.Extensions.Configuration": {
        "type": "CentralTransitive",
        "requested": "[8.0.0, )",
        "resolved": "8.0.0",
        "contentHash": "0J/9YNXTMWSZP2p2+nvl8p71zpSwokZXZuJW+VjdErkegAnFdO1XlqtA62SJtgVYHdKu3uPxJHcMR/r35HwFBA==",
        "dependencies": {
          "Microsoft.Extensions.Configuration.Abstractions": "8.0.0",
          "Microsoft.Extensions.Primitives": "8.0.0"
        }
      },
      "Microsoft.Extensions.Hosting": {
        "type": "CentralTransitive",
        "requested": "[8.0.0, )",
        "resolved": "8.0.0",
        "contentHash": "ItYHpdqVp5/oFLT5QqbopnkKlyFG9EW/9nhM6/yfObeKt6Su0wkBio6AizgRHGNwhJuAtlE5VIjow5JOTrip6w==",
        "dependencies": {
          "Microsoft.Extensions.Configuration": "8.0.0",
          "Microsoft.Extensions.Configuration.Abstractions": "8.0.0",
          "Microsoft.Extensions.Configuration.Binder": "8.0.0",
          "Microsoft.Extensions.Configuration.CommandLine": "8.0.0",
          "Microsoft.Extensions.Configuration.EnvironmentVariables": "8.0.0",
          "Microsoft.Extensions.Configuration.FileExtensions": "8.0.0",
          "Microsoft.Extensions.Configuration.Json": "8.0.0",
          "Microsoft.Extensions.Configuration.UserSecrets": "8.0.0",
          "Microsoft.Extensions.DependencyInjection": "8.0.0",
          "Microsoft.Extensions.DependencyInjection.Abstractions": "8.0.0",
          "Microsoft.Extensions.Diagnostics": "8.0.0",
          "Microsoft.Extensions.FileProviders.Abstractions": "8.0.0",
          "Microsoft.Extensions.FileProviders.Physical": "8.0.0",
          "Microsoft.Extensions.Hosting.Abstractions": "8.0.0",
          "Microsoft.Extensions.Logging": "8.0.0",
          "Microsoft.Extensions.Logging.Abstractions": "8.0.0",
          "Microsoft.Extensions.Logging.Configuration": "8.0.0",
          "Microsoft.Extensions.Logging.Console": "8.0.0",
          "Microsoft.Extensions.Logging.Debug": "8.0.0",
          "Microsoft.Extensions.Logging.EventLog": "8.0.0",
          "Microsoft.Extensions.Logging.EventSource": "8.0.0",
          "Microsoft.Extensions.Options": "8.0.0"
        }
      },
      "Microsoft.Extensions.Logging": {
        "type": "CentralTransitive",
        "requested": "[8.0.0, )",
        "resolved": "8.0.0",
        "contentHash": "tvRkov9tAJ3xP51LCv3FJ2zINmv1P8Hi8lhhtcKGqM+ImiTCC84uOPEI4z8Cdq2C3o9e+Aa0Gw0rmrsJD77W+w==",
        "dependencies": {
          "Microsoft.Extensions.DependencyInjection": "8.0.0",
          "Microsoft.Extensions.Logging.Abstractions": "8.0.0",
          "Microsoft.Extensions.Options": "8.0.0"
        }
      },
      "Newtonsoft.Json": {
        "type": "CentralTransitive",
        "requested": "[13.0.3, )",
        "resolved": "13.0.3",
        "contentHash": "HrC5BXdl00IP9zeV+0Z848QWPAoCr9P3bDEZguI+gkLcBKAOxix/tLEAAHC+UvDNPv4a2d18lOReHMOagPa+zQ=="
      },
      "OneOf": {
        "type": "CentralTransitive",
        "requested": "[3.0.263, )",
        "resolved": "3.0.263",
        "contentHash": "2xXFnUxkAA0rJ2sJz9FPeW/gzJIBvyj+xIvfTIkz42pz9JlcYse4/rwRnkmCsYxw6osy1whnBO6Ox6HBKEqDMw=="
      },
      "OneOf.SourceGenerator": {
        "type": "CentralTransitive",
        "requested": "[3.0.263, )",
        "resolved": "3.0.263",
        "contentHash": "GxgryFHS0Te/Oq0ZBxCXInNefR6tELQcP5g2WUmgoeXALPrvMss8xWyBFyzS2ucLRpQa7pV+ZXhqO+7NPVxtoQ=="
      },
      "OpenTelemetry.Exporter.Console": {
        "type": "CentralTransitive",
        "requested": "[1.8.1, )",
        "resolved": "1.8.1",
        "contentHash": "XmMaxVoJjVYwEpV3XCvntSGbmRelhQv0gT1JSTRK5BRXgq7OunU18GJtJsgkQW0bRf1y4nevkxo5QDts62j41Q==",
        "dependencies": {
          "OpenTelemetry": "1.8.1",
          "System.Text.Encodings.Web": "4.7.2",
          "System.Text.Json": "4.7.2"
        }
      },
      "OpenTelemetry.Exporter.OpenTelemetryProtocol": {
        "type": "CentralTransitive",
        "requested": "[1.8.1, )",
        "resolved": "1.8.1",
        "contentHash": "kAn7VgAh/ZS2K+NCoJcQvxYJa/nLQazleyYcpLoXmkJzfJlcimJsnozQyZaROeaLYC0oTRgbONCcLi6j+cpZjg==",
        "dependencies": {
          "Google.Protobuf": "[3.22.5, 4.0.0)",
          "Grpc.Net.Client": "[2.52.0, 3.0.0)",
          "Microsoft.Extensions.Configuration.Binder": "8.0.1",
          "OpenTelemetry": "1.8.1"
        }
      },
      "OpenTelemetry.Extensions.Hosting": {
        "type": "CentralTransitive",
        "requested": "[1.8.1, )",
        "resolved": "1.8.1",
        "contentHash": "vAiiKFPGDUkCUu+edSZf95n33AC7VdynDG+wF+KolTQL+8YphlvQ5wn06PDegD0CJVqk8imwqN+LCb/JjsGxKA==",
        "dependencies": {
          "Microsoft.Extensions.Hosting.Abstractions": "8.0.0",
          "OpenTelemetry": "1.8.1"
        }
      },
      "OpenTelemetry.Instrumentation.AspNetCore": {
        "type": "CentralTransitive",
        "requested": "[1.8.1, )",
        "resolved": "1.8.1",
        "contentHash": "dRb1LEXSH95LGEubk96kYyBmGuny9/qycH9KqL8FXcOv446Xi53EW56TVE4wTMv4HPfn+rL3B9pPQ5RX7zD4Yw==",
        "dependencies": {
          "OpenTelemetry.Api.ProviderBuilderExtensions": "1.8.0"
        }
      },
      "StackExchange.Redis": {
        "type": "CentralTransitive",
        "requested": "[2.7.33, )",
        "resolved": "2.7.33",
        "contentHash": "2kCX5fvhEE824a4Ab5Imyi8DRuGuTxyklXV01kegkRpsWJcPmO6+GAQ+HegKxvXAxlXZ8yaRspvWJ8t3mMClfQ==",
        "dependencies": {
          "Microsoft.Extensions.Logging.Abstractions": "6.0.0",
          "Pipelines.Sockets.Unofficial": "2.2.8"
        }
      },
      "System.Linq.Async": {
        "type": "CentralTransitive",
        "requested": "[6.0.1, )",
        "resolved": "6.0.1",
        "contentHash": "0YhHcaroWpQ9UCot3Pizah7ryAzQhNvobLMSxeDIGmnXfkQn8u5owvpOH0K6EVB+z9L7u6Cc4W17Br/+jyttEQ==",
        "dependencies": {
          "Microsoft.Bcl.AsyncInterfaces": "6.0.0"
        }
      },
      "System.Memory": {
        "type": "CentralTransitive",
        "requested": "[4.5.5, )",
        "resolved": "4.5.5",
        "contentHash": "XIWiDvKPXaTveaB7HVganDlOCRoj03l+jrwNvcge/t8vhGYKvqV+dMv6G4SAX2NoNmN0wZfVPTAlFwZcZvVOUw=="
      },
      "System.Text.Json": {
        "type": "CentralTransitive",
        "requested": "[8.0.0, )",
        "resolved": "8.0.0",
        "contentHash": "OdrZO2WjkiEG6ajEFRABTRCi/wuXQPxeV6g8xvUJqdxMvvuCCEk86zPla8UiIQJz3durtUEbNyY/3lIhS0yZvQ==",
        "dependencies": {
          "System.Text.Encodings.Web": "8.0.0"
        }
      }
    }
  }
}